// !$*UTF8*$!
{
	archiveVersion = 1;
	classes = {
	};
	objectVersion = 46;
	objects = {

/* Begin PBXAggregateTarget section */
		3C9046BD269CAF561D7AAB29 /* Qt Preprocess */ = {
			isa = PBXAggregateTarget;
			buildConfigurationList = 6CC3B5D2136C7CD6A5CF5A59 /* Build configuration list for PBXNativeTarget "CS470_HW" */;
			buildPhases = (
				5E618435888B9D49F8540165 /* Qt Qmake */,
				7EF0942E79C014DCEC8976BC /* Qt Preprocessors */,
			);
			dependencies = (
			);
			name = "Qt Preprocess";
			productName = "Qt Preprocess";
		};
/* End PBXAggregateTarget section */

/* Begin PBXBuildFile section */
		0A04149940F30374D5C1CED8 /* QtPrintSupport.framework in Link Binary With Libraries */ = {isa = PBXBuildFile; fileRef = 126283297C41B4EC43F5D9E5 /* QtPrintSupport.framework */; };
		0F2B68CF410DCCC0755E2EB5 /* HistoStretch.cpp in Compile Sources */ = {isa = PBXBuildFile; fileRef = 4D0AAF7C01C605DB4DC0E5DD /* HistoStretch.cpp */; settings = {ATTRIBUTES = (); }; };
		10625EA20BF85FD136671B08 /* HW_errDiffusion.cpp in Compile Sources */ = {isa = PBXBuildFile; fileRef = 4AB307C8CC8EA108E2FE5313 /* HW_errDiffusion.cpp */; settings = {ATTRIBUTES = (); }; };
		16833E631F26F4CE521663E7 /* moc_Filter.cpp in Compile Sources */ = {isa = PBXBuildFile; fileRef = C126D9FC4846D08E205BD811 /* moc_Filter.cpp */; settings = {ATTRIBUTES = (); }; };
		1A15882885C0F75DCFC0E05B /* HW_spectrum.cpp in Compile Sources */ = {isa = PBXBuildFile; fileRef = 20B243D9BE077836D469CF2A /* HW_spectrum.cpp */; settings = {ATTRIBUTES = (); }; };
		1D1C688734339DC74930C0CA /* Spectrum.cpp in Compile Sources */ = {isa = PBXBuildFile; fileRef = 99D16D6E425690144C6440F1 /* Spectrum.cpp */; settings = {ATTRIBUTES = (); }; };
		2286101015843E30A636E4F0 /* HW_resize.cpp in Compile Sources */ = {isa = PBXBuildFile; fileRef = 4FE913CE1D3E6575A23C83EC /* HW_resize.cpp */; settings = {ATTRIBUTES = (); }; };
		28AD09F51D1E6FF6AFEA50E7 /* Contrast.cpp in Compile Sources */ = {isa = PBXBuildFile; fileRef = 642CCC4DF74DED06DE1B45B7 /* Contrast.cpp */; settings = {ATTRIBUTES = (); }; };
		29AC418049158B523C739905 /* HW_sharpen.cpp in Compile Sources */ = {isa = PBXBuildFile; fileRef = E0763879B00BA640954B86B4 /* HW_sharpen.cpp */; settings = {ATTRIBUTES = (); }; };
		30538F1ADF87449D12DC7F39 /* QtCore.framework in Link Binary With Libraries */ = {isa = PBXBuildFile; fileRef = 3A0B63FEADA1CCCAF65D2962 /* QtCore.framework */; };
		31B8F1D96B016529EB098C39 /* main.cpp in Compile Sources */ = {isa = PBXBuildFile; fileRef = B99408AAB7ED4CB27AACA36E /* main.cpp */; settings = {ATTRIBUTES = (); }; };
		37965C95FC1834CE101C8836 /* moc_ErrDiffusion.cpp in Compile Sources */ = {isa = PBXBuildFile; fileRef = 7D06C51A3DE3275BB25B81E7 /* moc_ErrDiffusion.cpp */; settings = {ATTRIBUTES = (); }; };
		3D89A34BA1F45D9C74A045B9 /* moc_Gamma.cpp in Compile Sources */ = {isa = PBXBuildFile; fileRef = 05040881009AF1632FEE0757 /* moc_Gamma.cpp */; settings = {ATTRIBUTES = (); }; };
		3E0922C5933F423B90CDBF14 /* HW_histoMatch.cpp in Compile Sources */ = {isa = PBXBuildFile; fileRef = DF1C4A5B9D9E66E9FD1F01EB /* HW_histoMatch.cpp */; settings = {ATTRIBUTES = (); }; };
		3E6213B221C7EC99600DAB59 /* Threshold.cpp in Compile Sources */ = {isa = PBXBuildFile; fileRef = 66D2459F01E6176D4E3EBEB3 /* Threshold.cpp */; settings = {ATTRIBUTES = (); }; };
		3F91C08868E0367FEB197CDB /* qcustomplot.cpp in Compile Sources */ = {isa = PBXBuildFile; fileRef = 71A91DDF00E21EECE0D5A9F1 /* qcustomplot.cpp */; settings = {ATTRIBUTES = (); }; };
		41A60501890724FF12C014D2 /* GLWidget.cpp in Compile Sources */ = {isa = PBXBuildFile; fileRef = 03C5C8E304A7481F02ABDD42 /* GLWidget.cpp */; settings = {ATTRIBUTES = (); }; };
		4860180E9F5A9767C3E2B1F1 /* moc_qcustomplot.cpp in Compile Sources */ = {isa = PBXBuildFile; fileRef = 6DC438495CC07817EE9881CA /* moc_qcustomplot.cpp */; settings = {ATTRIBUTES = (); }; };
		4931286976F5A15DAA0034FF /* HW_convolve.cpp in Compile Sources */ = {isa = PBXBuildFile; fileRef = 22CC4C6853443BD1E61A5E01 /* HW_convolve.cpp */; settings = {ATTRIBUTES = (); }; };
		4C21CE43E485054157F0A537 /* QtWidgets.framework in Link Binary With Libraries */ = {isa = PBXBuildFile; fileRef = 5ABED5BE28BD90670F2ACFC2 /* QtWidgets.framework */; };
		4C788745B7841B59509DEDC9 /* Blur.cpp in Compile Sources */ = {isa = PBXBuildFile; fileRef = C7140D7B05267C550CD11CC0 /* Blur.cpp */; settings = {ATTRIBUTES = (); }; };
		4D8B5C632836CA4D37474313 /* HW_clip.cpp in Compile Sources */ = {isa = PBXBuildFile; fileRef = 09DCB82B3C8536136DA2F567 /* HW_clip.cpp */; settings = {ATTRIBUTES = (); }; };
		561E1169843CD39B5B380B20 /* MainWindow.cpp in Compile Sources */ = {isa = PBXBuildFile; fileRef = 557C78AE43697ED2B850E48F /* MainWindow.cpp */; settings = {ATTRIBUTES = (); }; };
		583A1EADC8385A963ECD0A0C /* moc_Threshold.cpp in Compile Sources */ = {isa = PBXBuildFile; fileRef = 93915530BBA34F3B21E9511E /* moc_Threshold.cpp */; settings = {ATTRIBUTES = (); }; };
		5E0D6FDE2C595FFC1C361AF1 /* HW_quantize.cpp in Compile Sources */ = {isa = PBXBuildFile; fileRef = 86BA90805EE77FFCCE73F109 /* HW_quantize.cpp */; settings = {ATTRIBUTES = (); }; };
		6082805A17C0DDD4CA16CCCC /* QtGui.framework in Link Binary With Libraries */ = {isa = PBXBuildFile; fileRef = F8BEC979FE949D542941DA60 /* QtGui.framework */; };
		65763134EEEF5E52A8A8CD2F /* moc_Dummy.cpp in Compile Sources */ = {isa = PBXBuildFile; fileRef = 2C11CA49F08A4FB3A02A4B1B /* moc_Dummy.cpp */; settings = {ATTRIBUTES = (); }; };
		6987DE7C04EC2E9DE4BDBA2E /* dummy.cpp in Compile Sources */ = {isa = PBXBuildFile; fileRef = AD87F2FD864E9A5ED23B7BE9 /* dummy.cpp */; settings = {ATTRIBUTES = (); }; };
		70FA42FB62DBE3B5F4434AA5 /* moc_Resize.cpp in Compile Sources */ = {isa = PBXBuildFile; fileRef = 1209405C2A305338229A9183 /* moc_Resize.cpp */; settings = {ATTRIBUTES = (); }; };
		72D83752BE0CE8CC201A2BC6 /* ImageFilter.cpp in Compile Sources */ = {isa = PBXBuildFile; fileRef = 84E7E0501A5AAE38D00BCEED /* ImageFilter.cpp */; settings = {ATTRIBUTES = (); }; };
		7CD212C5B96ADE8EEE6912E7 /* Convolve.cpp in Compile Sources */ = {isa = PBXBuildFile; fileRef = 7C82CB096143E6D22CD84012 /* Convolve.cpp */; settings = {ATTRIBUTES = (); }; };
		7F4CBFFFA8E8C99181DABC0B /* HW_contrast.cpp in Compile Sources */ = {isa = PBXBuildFile; fileRef = 7FC4AD2753F055A8FA693DD9 /* HW_contrast.cpp */; settings = {ATTRIBUTES = (); }; };
		8264C37A90AC543603C2D311 /* HW_filter.cpp in Compile Sources */ = {isa = PBXBuildFile; fileRef = 403D144571BD7F8DAD4C3EE0 /* HW_filter.cpp */; settings = {ATTRIBUTES = (); }; };
		830D5B2D9B7CB939DC18C70B /* HW_median.cpp in Compile Sources */ = {isa = PBXBuildFile; fileRef = 9DC34CA996D4002377A2CE8F /* HW_median.cpp */; settings = {ATTRIBUTES = (); }; };
		8771A8C96E9C391044035D99 /* OpenGL.framework in Link Binary With Libraries */ = {isa = PBXBuildFile; fileRef = D4B32C2222F82AC56BADEB21 /* OpenGL.framework */; };
		89563DF2C1561FCFA924B886 /* moc_Quantize.cpp in Compile Sources */ = {isa = PBXBuildFile; fileRef = A7F69B5B4663F32066F1421E /* moc_Quantize.cpp */; settings = {ATTRIBUTES = (); }; };
		89D55BDD84F2CB671E93AA2F /* moc_HistoMatch.cpp in Compile Sources */ = {isa = PBXBuildFile; fileRef = 7806646387B76A35A2CF6004 /* moc_HistoMatch.cpp */; settings = {ATTRIBUTES = (); }; };
		8D267F2E4776F0ECA2F49DC8 /* IOKit.framework in Link Binary With Libraries */ = {isa = PBXBuildFile; fileRef = A1A67BEAA744704B29168D39 /* IOKit.framework */; };
		904C990235320A1BCDA4C655 /* Quantize.cpp in Compile Sources */ = {isa = PBXBuildFile; fileRef = FB402F0D867EEBF48D5A12E9 /* Quantize.cpp */; settings = {ATTRIBUTES = (); }; };
		914A4A4E6B938675E751C02D /* moc_HistoStretch.cpp in Compile Sources */ = {isa = PBXBuildFile; fileRef = B42B096253BA1F7F05D59BFB /* moc_HistoStretch.cpp */; settings = {ATTRIBUTES = (); }; };
		91DED06E53D2AD48A43E4167 /* moc_Blur.cpp in Compile Sources */ = {isa = PBXBuildFile; fileRef = 2F9BA28D81F5481025920C7B /* moc_Blur.cpp */; settings = {ATTRIBUTES = (); }; };
		981FC3142C6E989870E14C30 /* SwapPhase.cpp in Compile Sources */ = {isa = PBXBuildFile; fileRef = 5A26A4D7D2B437D601A6C0C6 /* SwapPhase.cpp */; settings = {ATTRIBUTES = (); }; };
		9CD188EE0A99E105779DA074 /* HW_threshold.cpp in Compile Sources */ = {isa = PBXBuildFile; fileRef = EB430B9E06D67DFFB5952A05 /* HW_threshold.cpp */; settings = {ATTRIBUTES = (); }; };
		9EB09EC673682191E8CBA943 /* HW_utils.cpp in Compile Sources */ = {isa = PBXBuildFile; fileRef = D5F5C054ED624E9718A08AC7 /* HW_utils.cpp */; settings = {ATTRIBUTES = (); }; };
		A54B5CC69EA2042722E47F6E /* moc_Median.cpp in Compile Sources */ = {isa = PBXBuildFile; fileRef = 7400D73D3485DB1153075C0A /* moc_Median.cpp */; settings = {ATTRIBUTES = (); }; };
		A877B11FCCC274999EED0DC4 /* moc_Contrast.cpp in Compile Sources */ = {isa = PBXBuildFile; fileRef = 7B56A1D0D6011EC1D7C73914 /* moc_Contrast.cpp */; settings = {ATTRIBUTES = (); }; };
		A99B2AA0F9CBBDD12BA126A4 /* DiskArbitration.framework in Link Binary With Libraries */ = {isa = PBXBuildFile; fileRef = 2B774D8E4178765CE52EAAF5 /* DiskArbitration.framework */; };
		AA81D88E23C78E71A6D90FE6 /* Gamma.cpp in Compile Sources */ = {isa = PBXBuildFile; fileRef = 66B65567B88AEE92E29D1DFD /* Gamma.cpp */; settings = {ATTRIBUTES = (); }; };
		B4A44FEACE7E919A1C823361 /* Resize.cpp in Compile Sources */ = {isa = PBXBuildFile; fileRef = 9D670BD7D6A13CA9B7158555 /* Resize.cpp */; settings = {ATTRIBUTES = (); }; };
		B620111F597908972FE625ED /* moc_Sharpen.cpp in Compile Sources */ = {isa = PBXBuildFile; fileRef = 91F7472993FFE6E00F1F1E4F /* moc_Sharpen.cpp */; settings = {ATTRIBUTES = (); }; };
		B6C793A6E2E50504570E9821 /* ErrDiffusion.cpp in Compile Sources */ = {isa = PBXBuildFile; fileRef = BFAA52695E34398811F9479E /* ErrDiffusion.cpp */; settings = {ATTRIBUTES = (); }; };
		C13F54E84B9C95C39146F1DC /* HW_histoStretch.cpp in Compile Sources */ = {isa = PBXBuildFile; fileRef = E43AFC0C4FB1CFBEB8E589E8 /* HW_histoStretch.cpp */; settings = {ATTRIBUTES = (); }; };
		C25E790A0CB87AD213CA69F0 /* moc_SwapPhase.cpp in Compile Sources */ = {isa = PBXBuildFile; fileRef = 04C58A6840F495CB167FDC30 /* moc_SwapPhase.cpp */; settings = {ATTRIBUTES = (); }; };
		C78DA498230B667C4F4ED970 /* Clip.cpp in Compile Sources */ = {isa = PBXBuildFile; fileRef = 19960DE64499D0F80A9301E6 /* Clip.cpp */; settings = {ATTRIBUTES = (); }; };
		CD710669F0973AA0DB42C9EE /* HW_gamma.cpp in Compile Sources */ = {isa = PBXBuildFile; fileRef = 15145084A5F0011D28BFCC5B /* HW_gamma.cpp */; settings = {ATTRIBUTES = (); }; };
		D30186EA7248ADFED9610D2A /* moc_Spectrum.cpp in Compile Sources */ = {isa = PBXBuildFile; fileRef = A6EC0713B883FEDE4785FE8E /* moc_Spectrum.cpp */; settings = {ATTRIBUTES = (); }; };
		D56F80B75A7F797065192F74 /* qrc_CS470.cpp in Compile Sources */ = {isa = PBXBuildFile; fileRef = 0EF25D72EA847D78CD45C711 /* qrc_CS470.cpp */; settings = {ATTRIBUTES = (); }; };
		DA136AD7AC8EE3A88A292612 /* Median.cpp in Compile Sources */ = {isa = PBXBuildFile; fileRef = 7F6D2C25BC6F2A9E2EBBD301 /* Median.cpp */; settings = {ATTRIBUTES = (); }; };
		DAD82008667C62F5724AFE96 /* moc_MainWindow.cpp in Compile Sources */ = {isa = PBXBuildFile; fileRef = BEC67C12012343A9B8E58E1C /* moc_MainWindow.cpp */; settings = {ATTRIBUTES = (); }; };
		DBC1C9068A1EA25FBD751D74 /* Dummy.cpp in Compile Sources */ = {isa = PBXBuildFile; fileRef = 3D6F1E5F09AFD29B3C419570 /* Dummy.cpp */; settings = {ATTRIBUTES = (); }; };
		DD2DBDFF1396144B745DAAE9 /* HistoMatch.cpp in Compile Sources */ = {isa = PBXBuildFile; fileRef = 5BF8FE8374ABDA2202758502 /* HistoMatch.cpp */; settings = {ATTRIBUTES = (); }; };
		E070D6E445BC2CE33C67BE1C /* Filter.cpp in Compile Sources */ = {isa = PBXBuildFile; fileRef = B39A716B09C20D2021EDA693 /* Filter.cpp */; settings = {ATTRIBUTES = (); }; };
		E45E51A644D5FC9F942ECE55 /* AGL.framework in Link Binary With Libraries */ = {isa = PBXBuildFile; fileRef = 8D9815BDB5BD9F90D2BC05C5 /* AGL.framework */; };
		E8C1D6407600929EDF135676 /* IP in Link Binary With Libraries */ = {isa = PBXBuildFile; fileRef = 58A52D18F6633C74BC596DD1 /* IP */; };
		EA8CE869D7541C64E167D680 /* moc_Convolve.cpp in Compile Sources */ = {isa = PBXBuildFile; fileRef = 165D790A53E0A9BFEB59B809 /* moc_Convolve.cpp */; settings = {ATTRIBUTES = (); }; };
		EAF7C2AD9DDC33111BB2CCB7 /* QtOpenGL.framework in Link Binary With Libraries */ = {isa = PBXBuildFile; fileRef = 2C58A582C7D0AAD75F01CC99 /* QtOpenGL.framework */; };
		EC05FB9050FDEF5BEA1478D8 /* HW_blur.cpp in Compile Sources */ = {isa = PBXBuildFile; fileRef = 6C2B4532E65DAFEA0CE69748 /* HW_blur.cpp */; settings = {ATTRIBUTES = (); }; };
		EE24B37131BFC42F76C435B8 /* moc_Clip.cpp in Compile Sources */ = {isa = PBXBuildFile; fileRef = CD912D3530CA5337C488B4FB /* moc_Clip.cpp */; settings = {ATTRIBUTES = (); }; };
		F80CAE1482A5CBFD596BCFF1 /* Sharpen.cpp in Compile Sources */ = {isa = PBXBuildFile; fileRef = B684753B0B31F13E84CDB5A7 /* Sharpen.cpp */; settings = {ATTRIBUTES = (); }; };
		F93D758DD466E41648E84689 /* HW_swapPhase.cpp in Compile Sources */ = {isa = PBXBuildFile; fileRef = 668B13DDB03785716AED0102 /* HW_swapPhase.cpp */; settings = {ATTRIBUTES = (); }; };
/* End PBXBuildFile section */

/* Begin PBXContainerItemProxy section */
		4995DB3F234172CC007E0A8A /* PBXContainerItemProxy */ = {
			isa = PBXContainerItemProxy;
			containerPortal = 6DB9C3763D02B1415CD9D565 /* Project object */;
			proxyType = 1;
			remoteGlobalIDString = 3C9046BD269CAF561D7AAB29;
			remoteInfo = "Qt Preprocess";
		};
/* End PBXContainerItemProxy section */

/* Begin PBXCopyFilesBuildPhase section */
		99542592E9780B9225F24AA8 /* Embed Frameworks */ = {
			isa = PBXCopyFilesBuildPhase;
			buildActionMask = 2147483647;
			dstPath = "";
			dstSubfolderSpec = 10;
			files = (
			);
			name = "Embed Frameworks";
			runOnlyForDeploymentPostprocessing = 0;
		};
/* End PBXCopyFilesBuildPhase section */

/* Begin PBXFileReference section */
		03C5C8E304A7481F02ABDD42 /* GLWidget.cpp */ = {isa = PBXFileReference; lastKnownFileType = sourcecode.cpp.cpp; name = GLWidget.cpp; path = "/Users/bravo/Desktop/classes/image processing/Image-Processing-Projects/Anthony/CS470.skel/gui_src/GLWidget.cpp"; sourceTree = "<absolute>"; };
		04C58A6840F495CB167FDC30 /* moc_SwapPhase.cpp */ = {isa = PBXFileReference; lastKnownFileType = sourcecode.cpp.cpp; name = moc_SwapPhase.cpp; path = "/Users/bravo/Desktop/classes/image processing/Image-Processing-Projects/Anthony/CS470.skel/moc_SwapPhase.cpp"; sourceTree = "<absolute>"; };
		05040881009AF1632FEE0757 /* moc_Gamma.cpp */ = {isa = PBXFileReference; lastKnownFileType = sourcecode.cpp.cpp; name = moc_Gamma.cpp; path = "/Users/bravo/Desktop/classes/image processing/Image-Processing-Projects/Anthony/CS470.skel/moc_Gamma.cpp"; sourceTree = "<absolute>"; };
		09DCB82B3C8536136DA2F567 /* HW_clip.cpp */ = {isa = PBXFileReference; lastKnownFileType = sourcecode.cpp.cpp; name = HW_clip.cpp; path = "/Users/bravo/Desktop/classes/image processing/Image-Processing-Projects/Anthony/CS470.skel/hw1/HW_clip.cpp"; sourceTree = "<absolute>"; };
		0B9482056F5A061C636F6CCA /* HistoMatch.h */ = {isa = PBXFileReference; lastKnownFileType = sourcecode.c.h; name = HistoMatch.h; path = "/Users/bravo/Desktop/classes/image processing/Image-Processing-Projects/Anthony/CS470.skel/gui_src/HistoMatch.h"; sourceTree = "<absolute>"; };
		0EF25D72EA847D78CD45C711 /* qrc_CS470.cpp */ = {isa = PBXFileReference; lastKnownFileType = sourcecode.cpp.cpp; name = qrc_CS470.cpp; path = "/Users/bravo/Desktop/classes/image processing/Image-Processing-Projects/Anthony/CS470.skel/qrc_CS470.cpp"; sourceTree = "<absolute>"; };
		0FBD8AEE3016547D64C67ED2 /* Median.h */ = {isa = PBXFileReference; lastKnownFileType = sourcecode.c.h; name = Median.h; path = "/Users/bravo/Desktop/classes/image processing/Image-Processing-Projects/Anthony/CS470.skel/gui_src/Median.h"; sourceTree = "<absolute>"; };
		1209405C2A305338229A9183 /* moc_Resize.cpp */ = {isa = PBXFileReference; lastKnownFileType = sourcecode.cpp.cpp; name = moc_Resize.cpp; path = "/Users/bravo/Desktop/classes/image processing/Image-Processing-Projects/Anthony/CS470.skel/moc_Resize.cpp"; sourceTree = "<absolute>"; };
		126283297C41B4EC43F5D9E5 /* QtPrintSupport.framework */ = {isa = PBXFileReference; lastKnownFileType = wrapper.framework; name = QtPrintSupport.framework; path = /Users/bravo/Qt5.12.4/5.12.4/clang_64/lib/QtPrintSupport.framework; sourceTree = "<absolute>"; };
		15145084A5F0011D28BFCC5B /* HW_gamma.cpp */ = {isa = PBXFileReference; lastKnownFileType = sourcecode.cpp.cpp; name = HW_gamma.cpp; path = "/Users/bravo/Desktop/classes/image processing/Image-Processing-Projects/Anthony/CS470.skel/hw1/HW_gamma.cpp"; sourceTree = "<absolute>"; };
		165D790A53E0A9BFEB59B809 /* moc_Convolve.cpp */ = {isa = PBXFileReference; lastKnownFileType = sourcecode.cpp.cpp; name = moc_Convolve.cpp; path = "/Users/bravo/Desktop/classes/image processing/Image-Processing-Projects/Anthony/CS470.skel/moc_Convolve.cpp"; sourceTree = "<absolute>"; };
		16E094EEF75262E21AFF3625 /* Sharpen.h */ = {isa = PBXFileReference; lastKnownFileType = sourcecode.c.h; name = Sharpen.h; path = "/Users/bravo/Desktop/classes/image processing/Image-Processing-Projects/Anthony/CS470.skel/gui_src/Sharpen.h"; sourceTree = "<absolute>"; };
		18701265E69D835F8443E4EC /* CS470.icns */ = {isa = PBXFileReference; lastKnownFileType = image.icns; name = CS470.icns; path = "/Users/bravo/Desktop/classes/image processing/Image-Processing-Projects/Anthony/CS470.skel/CS470.icns"; sourceTree = "<absolute>"; };
		19960DE64499D0F80A9301E6 /* Clip.cpp */ = {isa = PBXFileReference; lastKnownFileType = sourcecode.cpp.cpp; name = Clip.cpp; path = "/Users/bravo/Desktop/classes/image processing/Image-Processing-Projects/Anthony/CS470.skel/gui_src/Clip.cpp"; sourceTree = "<absolute>"; };
		1D4420D103FA9184666CE113 /* Dummy.h */ = {isa = PBXFileReference; lastKnownFileType = sourcecode.c.h; name = Dummy.h; path = "/Users/bravo/Desktop/classes/image processing/Image-Processing-Projects/Anthony/CS470.skel/gui_src/Dummy.h"; sourceTree = "<absolute>"; };
		20B243D9BE077836D469CF2A /* HW_spectrum.cpp */ = {isa = PBXFileReference; lastKnownFileType = sourcecode.cpp.cpp; name = HW_spectrum.cpp; path = "/Users/bravo/Desktop/classes/image processing/Image-Processing-Projects/Anthony/CS470.skel/hw3/HW_spectrum.cpp"; sourceTree = "<absolute>"; };
		22CC4C6853443BD1E61A5E01 /* HW_convolve.cpp */ = {isa = PBXFileReference; lastKnownFileType = sourcecode.cpp.cpp; name = HW_convolve.cpp; path = "/Users/bravo/Desktop/classes/image processing/Image-Processing-Projects/Anthony/CS470.skel/hw2/HW_convolve.cpp"; sourceTree = "<absolute>"; };
		2B774D8E4178765CE52EAAF5 /* DiskArbitration.framework */ = {isa = PBXFileReference; lastKnownFileType = wrapper.framework; name = DiskArbitration.framework; path = /System/Library/Frameworks/DiskArbitration.framework; sourceTree = "<absolute>"; };
		2C11CA49F08A4FB3A02A4B1B /* moc_Dummy.cpp */ = {isa = PBXFileReference; lastKnownFileType = sourcecode.cpp.cpp; name = moc_Dummy.cpp; path = "/Users/bravo/Desktop/classes/image processing/Image-Processing-Projects/Anthony/CS470.skel/moc_Dummy.cpp"; sourceTree = "<absolute>"; };
		2C58A582C7D0AAD75F01CC99 /* QtOpenGL.framework */ = {isa = PBXFileReference; lastKnownFileType = wrapper.framework; name = QtOpenGL.framework; path = /Users/bravo/Qt5.12.4/5.12.4/clang_64/lib/QtOpenGL.framework; sourceTree = "<absolute>"; };
		2F9BA28D81F5481025920C7B /* moc_Blur.cpp */ = {isa = PBXFileReference; lastKnownFileType = sourcecode.cpp.cpp; name = moc_Blur.cpp; path = "/Users/bravo/Desktop/classes/image processing/Image-Processing-Projects/Anthony/CS470.skel/moc_Blur.cpp"; sourceTree = "<absolute>"; };
		333D5BDE090238582E7F2D87 /* Filter.h */ = {isa = PBXFileReference; lastKnownFileType = sourcecode.c.h; name = Filter.h; path = "/Users/bravo/Desktop/classes/image processing/Image-Processing-Projects/Anthony/CS470.skel/gui_src/Filter.h"; sourceTree = "<absolute>"; };
		3549E76065F0A4FD3675755B /* qcustomplot.h */ = {isa = PBXFileReference; lastKnownFileType = sourcecode.c.h; name = qcustomplot.h; path = "/Users/bravo/Desktop/classes/image processing/Image-Processing-Projects/Anthony/CS470.skel/gui_src/qcustomplot.h"; sourceTree = "<absolute>"; };
		3769295301789698E551FCBC /* Clip.h */ = {isa = PBXFileReference; lastKnownFileType = sourcecode.c.h; name = Clip.h; path = "/Users/bravo/Desktop/classes/image processing/Image-Processing-Projects/Anthony/CS470.skel/gui_src/Clip.h"; sourceTree = "<absolute>"; };
		37FC8BBC338739D7237161B5 /* Contrast.h */ = {isa = PBXFileReference; lastKnownFileType = sourcecode.c.h; name = Contrast.h; path = "/Users/bravo/Desktop/classes/image processing/Image-Processing-Projects/Anthony/CS470.skel/gui_src/Contrast.h"; sourceTree = "<absolute>"; };
		3A0B63FEADA1CCCAF65D2962 /* QtCore.framework */ = {isa = PBXFileReference; lastKnownFileType = wrapper.framework; name = QtCore.framework; path = /Users/bravo/Qt5.12.4/5.12.4/clang_64/lib/QtCore.framework; sourceTree = "<absolute>"; };
		3D6F1E5F09AFD29B3C419570 /* Dummy.cpp */ = {isa = PBXFileReference; lastKnownFileType = sourcecode.cpp.cpp; name = Dummy.cpp; path = "/Users/bravo/Desktop/classes/image processing/Image-Processing-Projects/Anthony/CS470.skel/gui_src/Dummy.cpp"; sourceTree = "<absolute>"; };
		403D144571BD7F8DAD4C3EE0 /* HW_filter.cpp */ = {isa = PBXFileReference; lastKnownFileType = sourcecode.cpp.cpp; name = HW_filter.cpp; path = "/Users/bravo/Desktop/classes/image processing/Image-Processing-Projects/Anthony/CS470.skel/hw3/HW_filter.cpp"; sourceTree = "<absolute>"; };
		416BE7E4DFE58090D93D5EFA /* CS470.pro */ = {isa = PBXFileReference; lastKnownFileType = text; name = CS470.pro; path = "/Users/bravo/Desktop/classes/image processing/Image-Processing-Projects/Anthony/CS470.skel/CS470.pro"; sourceTree = "<absolute>"; };
		496E048F5802DCD8285E0D68 /* ImageFilter.h */ = {isa = PBXFileReference; lastKnownFileType = sourcecode.c.h; name = ImageFilter.h; path = "/Users/bravo/Desktop/classes/image processing/Image-Processing-Projects/Anthony/CS470.skel/gui_src/ImageFilter.h"; sourceTree = "<absolute>"; };
		4AB307C8CC8EA108E2FE5313 /* HW_errDiffusion.cpp */ = {isa = PBXFileReference; lastKnownFileType = sourcecode.cpp.cpp; name = HW_errDiffusion.cpp; path = "/Users/bravo/Desktop/classes/image processing/Image-Processing-Projects/Anthony/CS470.skel/hw2/HW_errDiffusion.cpp"; sourceTree = "<absolute>"; };
		4D0AAF7C01C605DB4DC0E5DD /* HistoStretch.cpp */ = {isa = PBXFileReference; lastKnownFileType = sourcecode.cpp.cpp; name = HistoStretch.cpp; path = "/Users/bravo/Desktop/classes/image processing/Image-Processing-Projects/Anthony/CS470.skel/gui_src/HistoStretch.cpp"; sourceTree = "<absolute>"; };
		4FB10BC698A6DF8AEB07A6A6 /* Quantize.h */ = {isa = PBXFileReference; lastKnownFileType = sourcecode.c.h; name = Quantize.h; path = "/Users/bravo/Desktop/classes/image processing/Image-Processing-Projects/Anthony/CS470.skel/gui_src/Quantize.h"; sourceTree = "<absolute>"; };
		4FE913CE1D3E6575A23C83EC /* HW_resize.cpp */ = {isa = PBXFileReference; lastKnownFileType = sourcecode.cpp.cpp; name = HW_resize.cpp; path = "/Users/bravo/Desktop/classes/image processing/Image-Processing-Projects/Anthony/CS470.skel/hw4/HW_resize.cpp"; sourceTree = "<absolute>"; };
		557C78AE43697ED2B850E48F /* MainWindow.cpp */ = {isa = PBXFileReference; lastKnownFileType = sourcecode.cpp.cpp; name = MainWindow.cpp; path = "/Users/bravo/Desktop/classes/image processing/Image-Processing-Projects/Anthony/CS470.skel/gui_src/MainWindow.cpp"; sourceTree = "<absolute>"; };
		58A52D18F6633C74BC596DD1 /* IP */ = {isa = PBXFileReference; lastKnownFileType = archive.ar; name = IP; path = "/Users/bravo/Desktop/classes/image processing/Image-Processing-Projects/Anthony/CS470.skel/IP/mac/lib/libIP.a"; sourceTree = "<absolute>"; };
		5A26A4D7D2B437D601A6C0C6 /* SwapPhase.cpp */ = {isa = PBXFileReference; lastKnownFileType = sourcecode.cpp.cpp; name = SwapPhase.cpp; path = "/Users/bravo/Desktop/classes/image processing/Image-Processing-Projects/Anthony/CS470.skel/gui_src/SwapPhase.cpp"; sourceTree = "<absolute>"; };
		5ABED5BE28BD90670F2ACFC2 /* QtWidgets.framework */ = {isa = PBXFileReference; lastKnownFileType = wrapper.framework; name = QtWidgets.framework; path = /Users/bravo/Qt5.12.4/5.12.4/clang_64/lib/QtWidgets.framework; sourceTree = "<absolute>"; };
		5BF8FE8374ABDA2202758502 /* HistoMatch.cpp */ = {isa = PBXFileReference; lastKnownFileType = sourcecode.cpp.cpp; name = HistoMatch.cpp; path = "/Users/bravo/Desktop/classes/image processing/Image-Processing-Projects/Anthony/CS470.skel/gui_src/HistoMatch.cpp"; sourceTree = "<absolute>"; };
		5E06B78FAE6194EB47828625 /* ErrDiffusion.h */ = {isa = PBXFileReference; lastKnownFileType = sourcecode.c.h; name = ErrDiffusion.h; path = "/Users/bravo/Desktop/classes/image processing/Image-Processing-Projects/Anthony/CS470.skel/gui_src/ErrDiffusion.h"; sourceTree = "<absolute>"; };
		642CCC4DF74DED06DE1B45B7 /* Contrast.cpp */ = {isa = PBXFileReference; lastKnownFileType = sourcecode.cpp.cpp; name = Contrast.cpp; path = "/Users/bravo/Desktop/classes/image processing/Image-Processing-Projects/Anthony/CS470.skel/gui_src/Contrast.cpp"; sourceTree = "<absolute>"; };
		668B13DDB03785716AED0102 /* HW_swapPhase.cpp */ = {isa = PBXFileReference; lastKnownFileType = sourcecode.cpp.cpp; name = HW_swapPhase.cpp; path = "/Users/bravo/Desktop/classes/image processing/Image-Processing-Projects/Anthony/CS470.skel/hw3/HW_swapPhase.cpp"; sourceTree = "<absolute>"; };
		66B65567B88AEE92E29D1DFD /* Gamma.cpp */ = {isa = PBXFileReference; lastKnownFileType = sourcecode.cpp.cpp; name = Gamma.cpp; path = "/Users/bravo/Desktop/classes/image processing/Image-Processing-Projects/Anthony/CS470.skel/gui_src/Gamma.cpp"; sourceTree = "<absolute>"; };
		66D2459F01E6176D4E3EBEB3 /* Threshold.cpp */ = {isa = PBXFileReference; lastKnownFileType = sourcecode.cpp.cpp; name = Threshold.cpp; path = "/Users/bravo/Desktop/classes/image processing/Image-Processing-Projects/Anthony/CS470.skel/gui_src/Threshold.cpp"; sourceTree = "<absolute>"; };
		686AFDA02863CF69D4F7A1D5 /* Convolve.h */ = {isa = PBXFileReference; lastKnownFileType = sourcecode.c.h; name = Convolve.h; path = "/Users/bravo/Desktop/classes/image processing/Image-Processing-Projects/Anthony/CS470.skel/gui_src/Convolve.h"; sourceTree = "<absolute>"; };
		6975A854F6FF10BD9B57714E /* GLWidget.h */ = {isa = PBXFileReference; lastKnownFileType = sourcecode.c.h; name = GLWidget.h; path = "/Users/bravo/Desktop/classes/image processing/Image-Processing-Projects/Anthony/CS470.skel/gui_src/GLWidget.h"; sourceTree = "<absolute>"; };
		6C2B4532E65DAFEA0CE69748 /* HW_blur.cpp */ = {isa = PBXFileReference; lastKnownFileType = sourcecode.cpp.cpp; name = HW_blur.cpp; path = "/Users/bravo/Desktop/classes/image processing/Image-Processing-Projects/Anthony/CS470.skel/hw2/HW_blur.cpp"; sourceTree = "<absolute>"; };
		6DC438495CC07817EE9881CA /* moc_qcustomplot.cpp */ = {isa = PBXFileReference; lastKnownFileType = sourcecode.cpp.cpp; name = moc_qcustomplot.cpp; path = "/Users/bravo/Desktop/classes/image processing/Image-Processing-Projects/Anthony/CS470.skel/moc_qcustomplot.cpp"; sourceTree = "<absolute>"; };
		709E6A279FA1BDFFF79B8C41 /* Spectrum.h */ = {isa = PBXFileReference; lastKnownFileType = sourcecode.c.h; name = Spectrum.h; path = "/Users/bravo/Desktop/classes/image processing/Image-Processing-Projects/Anthony/CS470.skel/gui_src/Spectrum.h"; sourceTree = "<absolute>"; };
		71A91DDF00E21EECE0D5A9F1 /* qcustomplot.cpp */ = {isa = PBXFileReference; lastKnownFileType = sourcecode.cpp.cpp; name = qcustomplot.cpp; path = "/Users/bravo/Desktop/classes/image processing/Image-Processing-Projects/Anthony/CS470.skel/gui_src/qcustomplot.cpp"; sourceTree = "<absolute>"; };
		7400D73D3485DB1153075C0A /* moc_Median.cpp */ = {isa = PBXFileReference; lastKnownFileType = sourcecode.cpp.cpp; name = moc_Median.cpp; path = "/Users/bravo/Desktop/classes/image processing/Image-Processing-Projects/Anthony/CS470.skel/moc_Median.cpp"; sourceTree = "<absolute>"; };
		7806646387B76A35A2CF6004 /* moc_HistoMatch.cpp */ = {isa = PBXFileReference; lastKnownFileType = sourcecode.cpp.cpp; name = moc_HistoMatch.cpp; path = "/Users/bravo/Desktop/classes/image processing/Image-Processing-Projects/Anthony/CS470.skel/moc_HistoMatch.cpp"; sourceTree = "<absolute>"; };
		7B56A1D0D6011EC1D7C73914 /* moc_Contrast.cpp */ = {isa = PBXFileReference; lastKnownFileType = sourcecode.cpp.cpp; name = moc_Contrast.cpp; path = "/Users/bravo/Desktop/classes/image processing/Image-Processing-Projects/Anthony/CS470.skel/moc_Contrast.cpp"; sourceTree = "<absolute>"; };
		7C82CB096143E6D22CD84012 /* Convolve.cpp */ = {isa = PBXFileReference; lastKnownFileType = sourcecode.cpp.cpp; name = Convolve.cpp; path = "/Users/bravo/Desktop/classes/image processing/Image-Processing-Projects/Anthony/CS470.skel/gui_src/Convolve.cpp"; sourceTree = "<absolute>"; };
		7D06C51A3DE3275BB25B81E7 /* moc_ErrDiffusion.cpp */ = {isa = PBXFileReference; lastKnownFileType = sourcecode.cpp.cpp; name = moc_ErrDiffusion.cpp; path = "/Users/bravo/Desktop/classes/image processing/Image-Processing-Projects/Anthony/CS470.skel/moc_ErrDiffusion.cpp"; sourceTree = "<absolute>"; };
		7F4F52F60A8E85C47FCDF175 /* CS470_common.pro */ = {isa = PBXFileReference; lastKnownFileType = text; name = CS470_common.pro; path = "/Users/bravo/Desktop/classes/image processing/Image-Processing-Projects/Anthony/CS470.skel/CS470_common.pro"; sourceTree = "<absolute>"; };
		7F6D2C25BC6F2A9E2EBBD301 /* Median.cpp */ = {isa = PBXFileReference; lastKnownFileType = sourcecode.cpp.cpp; name = Median.cpp; path = "/Users/bravo/Desktop/classes/image processing/Image-Processing-Projects/Anthony/CS470.skel/gui_src/Median.cpp"; sourceTree = "<absolute>"; };
		7FC4AD2753F055A8FA693DD9 /* HW_contrast.cpp */ = {isa = PBXFileReference; lastKnownFileType = sourcecode.cpp.cpp; name = HW_contrast.cpp; path = "/Users/bravo/Desktop/classes/image processing/Image-Processing-Projects/Anthony/CS470.skel/hw1/HW_contrast.cpp"; sourceTree = "<absolute>"; };
		84E7E0501A5AAE38D00BCEED /* ImageFilter.cpp */ = {isa = PBXFileReference; lastKnownFileType = sourcecode.cpp.cpp; name = ImageFilter.cpp; path = "/Users/bravo/Desktop/classes/image processing/Image-Processing-Projects/Anthony/CS470.skel/gui_src/ImageFilter.cpp"; sourceTree = "<absolute>"; };
		86BA90805EE77FFCCE73F109 /* HW_quantize.cpp */ = {isa = PBXFileReference; lastKnownFileType = sourcecode.cpp.cpp; name = HW_quantize.cpp; path = "/Users/bravo/Desktop/classes/image processing/Image-Processing-Projects/Anthony/CS470.skel/hw1/HW_quantize.cpp"; sourceTree = "<absolute>"; };
		89C0626BAA2AC0FFA342D94B /* MainWindow.h */ = {isa = PBXFileReference; lastKnownFileType = sourcecode.c.h; name = MainWindow.h; path = "/Users/bravo/Desktop/classes/image processing/Image-Processing-Projects/Anthony/CS470.skel/gui_src/MainWindow.h"; sourceTree = "<absolute>"; };
		8AFC580FA0BD8F38E3100349 /* Blur.h */ = {isa = PBXFileReference; lastKnownFileType = sourcecode.c.h; name = Blur.h; path = "/Users/bravo/Desktop/classes/image processing/Image-Processing-Projects/Anthony/CS470.skel/gui_src/Blur.h"; sourceTree = "<absolute>"; };
		8D9815BDB5BD9F90D2BC05C5 /* AGL.framework */ = {isa = PBXFileReference; lastKnownFileType = wrapper.framework; name = AGL.framework; path = /System/Library/Frameworks/AGL.framework; sourceTree = "<absolute>"; };
		91F7472993FFE6E00F1F1E4F /* moc_Sharpen.cpp */ = {isa = PBXFileReference; lastKnownFileType = sourcecode.cpp.cpp; name = moc_Sharpen.cpp; path = "/Users/bravo/Desktop/classes/image processing/Image-Processing-Projects/Anthony/CS470.skel/moc_Sharpen.cpp"; sourceTree = "<absolute>"; };
		93915530BBA34F3B21E9511E /* moc_Threshold.cpp */ = {isa = PBXFileReference; lastKnownFileType = sourcecode.cpp.cpp; name = moc_Threshold.cpp; path = "/Users/bravo/Desktop/classes/image processing/Image-Processing-Projects/Anthony/CS470.skel/moc_Threshold.cpp"; sourceTree = "<absolute>"; };
		99D16D6E425690144C6440F1 /* Spectrum.cpp */ = {isa = PBXFileReference; lastKnownFileType = sourcecode.cpp.cpp; name = Spectrum.cpp; path = "/Users/bravo/Desktop/classes/image processing/Image-Processing-Projects/Anthony/CS470.skel/gui_src/Spectrum.cpp"; sourceTree = "<absolute>"; };
		9D670BD7D6A13CA9B7158555 /* Resize.cpp */ = {isa = PBXFileReference; lastKnownFileType = sourcecode.cpp.cpp; name = Resize.cpp; path = "/Users/bravo/Desktop/classes/image processing/Image-Processing-Projects/Anthony/CS470.skel/gui_src/Resize.cpp"; sourceTree = "<absolute>"; };
		9DC34CA996D4002377A2CE8F /* HW_median.cpp */ = {isa = PBXFileReference; lastKnownFileType = sourcecode.cpp.cpp; name = HW_median.cpp; path = "/Users/bravo/Desktop/classes/image processing/Image-Processing-Projects/Anthony/CS470.skel/hw2/HW_median.cpp"; sourceTree = "<absolute>"; };
		A1A67BEAA744704B29168D39 /* IOKit.framework */ = {isa = PBXFileReference; lastKnownFileType = wrapper.framework; name = IOKit.framework; path = /System/Library/Frameworks/IOKit.framework; sourceTree = "<absolute>"; };
		A6EC0713B883FEDE4785FE8E /* moc_Spectrum.cpp */ = {isa = PBXFileReference; lastKnownFileType = sourcecode.cpp.cpp; name = moc_Spectrum.cpp; path = "/Users/bravo/Desktop/classes/image processing/Image-Processing-Projects/Anthony/CS470.skel/moc_Spectrum.cpp"; sourceTree = "<absolute>"; };
		A7F69B5B4663F32066F1421E /* moc_Quantize.cpp */ = {isa = PBXFileReference; lastKnownFileType = sourcecode.cpp.cpp; name = moc_Quantize.cpp; path = "/Users/bravo/Desktop/classes/image processing/Image-Processing-Projects/Anthony/CS470.skel/moc_Quantize.cpp"; sourceTree = "<absolute>"; };
		AD87F2FD864E9A5ED23B7BE9 /* dummy.cpp */ = {isa = PBXFileReference; lastKnownFileType = sourcecode.cpp.cpp; name = dummy.cpp; path = /Users/bravo/Qt5.12.4/5.12.4/clang_64/mkspecs/features/data/dummy.cpp; sourceTree = "<absolute>"; };
		AF3BD45222E7C9C43330FEC1 /* Threshold.h */ = {isa = PBXFileReference; lastKnownFileType = sourcecode.c.h; name = Threshold.h; path = "/Users/bravo/Desktop/classes/image processing/Image-Processing-Projects/Anthony/CS470.skel/gui_src/Threshold.h"; sourceTree = "<absolute>"; };
		B39A716B09C20D2021EDA693 /* Filter.cpp */ = {isa = PBXFileReference; lastKnownFileType = sourcecode.cpp.cpp; name = Filter.cpp; path = "/Users/bravo/Desktop/classes/image processing/Image-Processing-Projects/Anthony/CS470.skel/gui_src/Filter.cpp"; sourceTree = "<absolute>"; };
		B42B096253BA1F7F05D59BFB /* moc_HistoStretch.cpp */ = {isa = PBXFileReference; lastKnownFileType = sourcecode.cpp.cpp; name = moc_HistoStretch.cpp; path = "/Users/bravo/Desktop/classes/image processing/Image-Processing-Projects/Anthony/CS470.skel/moc_HistoStretch.cpp"; sourceTree = "<absolute>"; };
		B684753B0B31F13E84CDB5A7 /* Sharpen.cpp */ = {isa = PBXFileReference; lastKnownFileType = sourcecode.cpp.cpp; name = Sharpen.cpp; path = "/Users/bravo/Desktop/classes/image processing/Image-Processing-Projects/Anthony/CS470.skel/gui_src/Sharpen.cpp"; sourceTree = "<absolute>"; };
		B99408AAB7ED4CB27AACA36E /* main.cpp */ = {isa = PBXFileReference; lastKnownFileType = sourcecode.cpp.cpp; name = main.cpp; path = "/Users/bravo/Desktop/classes/image processing/Image-Processing-Projects/Anthony/CS470.skel/gui_src/main.cpp"; sourceTree = "<absolute>"; };
		BEA5608CE484C14B8A3C171E /* Gamma.h */ = {isa = PBXFileReference; lastKnownFileType = sourcecode.c.h; name = Gamma.h; path = "/Users/bravo/Desktop/classes/image processing/Image-Processing-Projects/Anthony/CS470.skel/gui_src/Gamma.h"; sourceTree = "<absolute>"; };
		BEC67C12012343A9B8E58E1C /* moc_MainWindow.cpp */ = {isa = PBXFileReference; lastKnownFileType = sourcecode.cpp.cpp; name = moc_MainWindow.cpp; path = "/Users/bravo/Desktop/classes/image processing/Image-Processing-Projects/Anthony/CS470.skel/moc_MainWindow.cpp"; sourceTree = "<absolute>"; };
		BFAA52695E34398811F9479E /* ErrDiffusion.cpp */ = {isa = PBXFileReference; lastKnownFileType = sourcecode.cpp.cpp; name = ErrDiffusion.cpp; path = "/Users/bravo/Desktop/classes/image processing/Image-Processing-Projects/Anthony/CS470.skel/gui_src/ErrDiffusion.cpp"; sourceTree = "<absolute>"; };
		C126D9FC4846D08E205BD811 /* moc_Filter.cpp */ = {isa = PBXFileReference; lastKnownFileType = sourcecode.cpp.cpp; name = moc_Filter.cpp; path = "/Users/bravo/Desktop/classes/image processing/Image-Processing-Projects/Anthony/CS470.skel/moc_Filter.cpp"; sourceTree = "<absolute>"; };
		C33A1A2050E7D0823AFE70B4 /* HistoStretch.h */ = {isa = PBXFileReference; lastKnownFileType = sourcecode.c.h; name = HistoStretch.h; path = "/Users/bravo/Desktop/classes/image processing/Image-Processing-Projects/Anthony/CS470.skel/gui_src/HistoStretch.h"; sourceTree = "<absolute>"; };
		C36D7C942A23292226CF7C85 /* .qmake.stash */ = {isa = PBXFileReference; lastKnownFileType = text; name = .qmake.stash; path = "/Users/bravo/Desktop/classes/image processing/Image-Processing-Projects/Anthony/CS470.skel/.qmake.stash"; sourceTree = "<absolute>"; };
		C7140D7B05267C550CD11CC0 /* Blur.cpp */ = {isa = PBXFileReference; lastKnownFileType = sourcecode.cpp.cpp; name = Blur.cpp; path = "/Users/bravo/Desktop/classes/image processing/Image-Processing-Projects/Anthony/CS470.skel/gui_src/Blur.cpp"; sourceTree = "<absolute>"; };
		C9A6E42E900C3432398B1362 /* CS470.qrc */ = {isa = PBXFileReference; lastKnownFileType = text; name = CS470.qrc; path = "/Users/bravo/Desktop/classes/image processing/Image-Processing-Projects/Anthony/CS470.skel/CS470.qrc"; sourceTree = "<absolute>"; };
		C9E645EDDF1535ADB2FB4ABF /* CS470_HW.app */ = {isa = PBXFileReference; explicitFileType = wrapper.application; includeInIndex = 0; path = CS470_HW.app; sourceTree = BUILT_PRODUCTS_DIR; };
		CD912D3530CA5337C488B4FB /* moc_Clip.cpp */ = {isa = PBXFileReference; lastKnownFileType = sourcecode.cpp.cpp; name = moc_Clip.cpp; path = "/Users/bravo/Desktop/classes/image processing/Image-Processing-Projects/Anthony/CS470.skel/moc_Clip.cpp"; sourceTree = "<absolute>"; };
		D399098391B17FE0A53F6BA4 /* Resize.h */ = {isa = PBXFileReference; lastKnownFileType = sourcecode.c.h; name = Resize.h; path = "/Users/bravo/Desktop/classes/image processing/Image-Processing-Projects/Anthony/CS470.skel/gui_src/Resize.h"; sourceTree = "<absolute>"; };
		D4B32C2222F82AC56BADEB21 /* OpenGL.framework */ = {isa = PBXFileReference; lastKnownFileType = wrapper.framework; name = OpenGL.framework; path = /System/Library/Frameworks/OpenGL.framework; sourceTree = "<absolute>"; };
		D5F5C054ED624E9718A08AC7 /* HW_utils.cpp */ = {isa = PBXFileReference; lastKnownFileType = sourcecode.cpp.cpp; name = HW_utils.cpp; path = "/Users/bravo/Desktop/classes/image processing/Image-Processing-Projects/Anthony/CS470.skel/hw3/HW_utils.cpp"; sourceTree = "<absolute>"; };
		DF1C4A5B9D9E66E9FD1F01EB /* HW_histoMatch.cpp */ = {isa = PBXFileReference; lastKnownFileType = sourcecode.cpp.cpp; name = HW_histoMatch.cpp; path = "/Users/bravo/Desktop/classes/image processing/Image-Processing-Projects/Anthony/CS470.skel/hw1/HW_histoMatch.cpp"; sourceTree = "<absolute>"; };
		E0763879B00BA640954B86B4 /* HW_sharpen.cpp */ = {isa = PBXFileReference; lastKnownFileType = sourcecode.cpp.cpp; name = HW_sharpen.cpp; path = "/Users/bravo/Desktop/classes/image processing/Image-Processing-Projects/Anthony/CS470.skel/hw2/HW_sharpen.cpp"; sourceTree = "<absolute>"; };
		E43AFC0C4FB1CFBEB8E589E8 /* HW_histoStretch.cpp */ = {isa = PBXFileReference; lastKnownFileType = sourcecode.cpp.cpp; name = HW_histoStretch.cpp; path = "/Users/bravo/Desktop/classes/image processing/Image-Processing-Projects/Anthony/CS470.skel/hw1/HW_histoStretch.cpp"; sourceTree = "<absolute>"; };
		E5DB7C05286D3D4F7001CD02 /* SwapPhase.h */ = {isa = PBXFileReference; lastKnownFileType = sourcecode.c.h; name = SwapPhase.h; path = "/Users/bravo/Desktop/classes/image processing/Image-Processing-Projects/Anthony/CS470.skel/gui_src/SwapPhase.h"; sourceTree = "<absolute>"; };
		EB430B9E06D67DFFB5952A05 /* HW_threshold.cpp */ = {isa = PBXFileReference; lastKnownFileType = sourcecode.cpp.cpp; name = HW_threshold.cpp; path = "/Users/bravo/Desktop/classes/image processing/Image-Processing-Projects/Anthony/CS470.skel/hw1/HW_threshold.cpp"; sourceTree = "<absolute>"; };
		F8BEC979FE949D542941DA60 /* QtGui.framework */ = {isa = PBXFileReference; lastKnownFileType = wrapper.framework; name = QtGui.framework; path = /Users/bravo/Qt5.12.4/5.12.4/clang_64/lib/QtGui.framework; sourceTree = "<absolute>"; };
		FB402F0D867EEBF48D5A12E9 /* Quantize.cpp */ = {isa = PBXFileReference; lastKnownFileType = sourcecode.cpp.cpp; name = Quantize.cpp; path = "/Users/bravo/Desktop/classes/image processing/Image-Processing-Projects/Anthony/CS470.skel/gui_src/Quantize.cpp"; sourceTree = "<absolute>"; };
/* End PBXFileReference section */

/* Begin PBXFrameworksBuildPhase section */
		D1C883685E82D5676953459A /* Link Binary With Libraries */ = {
			isa = PBXFrameworksBuildPhase;
			buildActionMask = 2147483647;
			files = (
				E8C1D6407600929EDF135676 /* IP in Link Binary With Libraries */,
				0A04149940F30374D5C1CED8 /* QtPrintSupport.framework in Link Binary With Libraries */,
				EAF7C2AD9DDC33111BB2CCB7 /* QtOpenGL.framework in Link Binary With Libraries */,
				4C21CE43E485054157F0A537 /* QtWidgets.framework in Link Binary With Libraries */,
				6082805A17C0DDD4CA16CCCC /* QtGui.framework in Link Binary With Libraries */,
				30538F1ADF87449D12DC7F39 /* QtCore.framework in Link Binary With Libraries */,
				A99B2AA0F9CBBDD12BA126A4 /* DiskArbitration.framework in Link Binary With Libraries */,
				8D267F2E4776F0ECA2F49DC8 /* IOKit.framework in Link Binary With Libraries */,
				8771A8C96E9C391044035D99 /* OpenGL.framework in Link Binary With Libraries */,
				E45E51A644D5FC9F942ECE55 /* AGL.framework in Link Binary With Libraries */,
			);
			name = "Link Binary With Libraries";
			runOnlyForDeploymentPostprocessing = 0;
		};
/* End PBXFrameworksBuildPhase section */

/* Begin PBXGroup section */
		0A31DA8FFB6A3F21532CA67A /* hw3 */ = {
			isa = PBXGroup;
			children = (
				403D144571BD7F8DAD4C3EE0 /* HW_filter.cpp */,
				20B243D9BE077836D469CF2A /* HW_spectrum.cpp */,
				668B13DDB03785716AED0102 /* HW_swapPhase.cpp */,
				D5F5C054ED624E9718A08AC7 /* HW_utils.cpp */,
			);
			name = hw3;
			sourceTree = "<group>";
		};
		1F106A4B8472C49F10353A3C /* gui_src */ = {
			isa = PBXGroup;
			children = (
				B99408AAB7ED4CB27AACA36E /* main.cpp */,
				557C78AE43697ED2B850E48F /* MainWindow.cpp */,
				84E7E0501A5AAE38D00BCEED /* ImageFilter.cpp */,
				71A91DDF00E21EECE0D5A9F1 /* qcustomplot.cpp */,
				3D6F1E5F09AFD29B3C419570 /* Dummy.cpp */,
				66D2459F01E6176D4E3EBEB3 /* Threshold.cpp */,
				19960DE64499D0F80A9301E6 /* Clip.cpp */,
				FB402F0D867EEBF48D5A12E9 /* Quantize.cpp */,
				66B65567B88AEE92E29D1DFD /* Gamma.cpp */,
				642CCC4DF74DED06DE1B45B7 /* Contrast.cpp */,
				4D0AAF7C01C605DB4DC0E5DD /* HistoStretch.cpp */,
				5BF8FE8374ABDA2202758502 /* HistoMatch.cpp */,
				BFAA52695E34398811F9479E /* ErrDiffusion.cpp */,
				C7140D7B05267C550CD11CC0 /* Blur.cpp */,
				B684753B0B31F13E84CDB5A7 /* Sharpen.cpp */,
				7F6D2C25BC6F2A9E2EBBD301 /* Median.cpp */,
				03C5C8E304A7481F02ABDD42 /* GLWidget.cpp */,
				7C82CB096143E6D22CD84012 /* Convolve.cpp */,
				99D16D6E425690144C6440F1 /* Spectrum.cpp */,
				5A26A4D7D2B437D601A6C0C6 /* SwapPhase.cpp */,
				B39A716B09C20D2021EDA693 /* Filter.cpp */,
				9D670BD7D6A13CA9B7158555 /* Resize.cpp */,
				89C0626BAA2AC0FFA342D94B /* MainWindow.h */,
				496E048F5802DCD8285E0D68 /* ImageFilter.h */,
				3549E76065F0A4FD3675755B /* qcustomplot.h */,
				1D4420D103FA9184666CE113 /* Dummy.h */,
				AF3BD45222E7C9C43330FEC1 /* Threshold.h */,
				3769295301789698E551FCBC /* Clip.h */,
				4FB10BC698A6DF8AEB07A6A6 /* Quantize.h */,
				BEA5608CE484C14B8A3C171E /* Gamma.h */,
				37FC8BBC338739D7237161B5 /* Contrast.h */,
				C33A1A2050E7D0823AFE70B4 /* HistoStretch.h */,
				0B9482056F5A061C636F6CCA /* HistoMatch.h */,
				5E06B78FAE6194EB47828625 /* ErrDiffusion.h */,
				8AFC580FA0BD8F38E3100349 /* Blur.h */,
				16E094EEF75262E21AFF3625 /* Sharpen.h */,
				0FBD8AEE3016547D64C67ED2 /* Median.h */,
				6975A854F6FF10BD9B57714E /* GLWidget.h */,
				686AFDA02863CF69D4F7A1D5 /* Convolve.h */,
				709E6A279FA1BDFFF79B8C41 /* Spectrum.h */,
				E5DB7C05286D3D4F7001CD02 /* SwapPhase.h */,
				333D5BDE090238582E7F2D87 /* Filter.h */,
				D399098391B17FE0A53F6BA4 /* Resize.h */,
			);
			name = gui_src;
			sourceTree = "<group>";
		};
		25B08E2869634E9BCBA333A2 /* Generated Sources */ = {
			isa = PBXGroup;
			children = (
				0EF25D72EA847D78CD45C711 /* qrc_CS470.cpp */,
				BEC67C12012343A9B8E58E1C /* moc_MainWindow.cpp */,
				6DC438495CC07817EE9881CA /* moc_qcustomplot.cpp */,
				2C11CA49F08A4FB3A02A4B1B /* moc_Dummy.cpp */,
				93915530BBA34F3B21E9511E /* moc_Threshold.cpp */,
				CD912D3530CA5337C488B4FB /* moc_Clip.cpp */,
				A7F69B5B4663F32066F1421E /* moc_Quantize.cpp */,
				05040881009AF1632FEE0757 /* moc_Gamma.cpp */,
				7B56A1D0D6011EC1D7C73914 /* moc_Contrast.cpp */,
				B42B096253BA1F7F05D59BFB /* moc_HistoStretch.cpp */,
				7806646387B76A35A2CF6004 /* moc_HistoMatch.cpp */,
				7D06C51A3DE3275BB25B81E7 /* moc_ErrDiffusion.cpp */,
				2F9BA28D81F5481025920C7B /* moc_Blur.cpp */,
				91F7472993FFE6E00F1F1E4F /* moc_Sharpen.cpp */,
				7400D73D3485DB1153075C0A /* moc_Median.cpp */,
				165D790A53E0A9BFEB59B809 /* moc_Convolve.cpp */,
				A6EC0713B883FEDE4785FE8E /* moc_Spectrum.cpp */,
				04C58A6840F495CB167FDC30 /* moc_SwapPhase.cpp */,
				C126D9FC4846D08E205BD811 /* moc_Filter.cpp */,
				1209405C2A305338229A9183 /* moc_Resize.cpp */,
			);
			name = "Generated Sources";
			sourceTree = "<group>";
		};
		2EB56BE3C2D93CDAB0C52E67 /* Sources */ = {
			isa = PBXGroup;
			children = (
				1F106A4B8472C49F10353A3C /* gui_src */,
				3C77C658827F4A07ABF9D58B /* hw1 */,
				8D1A7173215F622A1D3A66B1 /* hw2 */,
				0A31DA8FFB6A3F21532CA67A /* hw3 */,
				98958E24D2033CDCEC7E42CF /* hw4 */,
				18701265E69D835F8443E4EC /* CS470.icns */,
			);
			name = Sources;
			sourceTree = "<group>";
		};
		3C77C658827F4A07ABF9D58B /* hw1 */ = {
			isa = PBXGroup;
			children = (
				09DCB82B3C8536136DA2F567 /* HW_clip.cpp */,
				7FC4AD2753F055A8FA693DD9 /* HW_contrast.cpp */,
				15145084A5F0011D28BFCC5B /* HW_gamma.cpp */,
				DF1C4A5B9D9E66E9FD1F01EB /* HW_histoMatch.cpp */,
				E43AFC0C4FB1CFBEB8E589E8 /* HW_histoStretch.cpp */,
				86BA90805EE77FFCCE73F109 /* HW_quantize.cpp */,
				EB430B9E06D67DFFB5952A05 /* HW_threshold.cpp */,
			);
			name = hw1;
			sourceTree = "<group>";
		};
		74B182DB50CB5611B5C1C297 /* Supporting Files */ = {
			isa = PBXGroup;
			children = (
				416BE7E4DFE58090D93D5EFA /* CS470.pro */,
				C36D7C942A23292226CF7C85 /* .qmake.stash */,
				7F4F52F60A8E85C47FCDF175 /* CS470_common.pro */,
			);
			name = "Supporting Files";
			sourceTree = "<group>";
		};
		87DF60DE337FB58864343E39 /* Resources */ = {
			isa = PBXGroup;
			children = (
				C9A6E42E900C3432398B1362 /* CS470.qrc */,
			);
			name = Resources;
			sourceTree = "<group>";
		};
		8D1A7173215F622A1D3A66B1 /* hw2 */ = {
			isa = PBXGroup;
			children = (
				6C2B4532E65DAFEA0CE69748 /* HW_blur.cpp */,
				22CC4C6853443BD1E61A5E01 /* HW_convolve.cpp */,
				4AB307C8CC8EA108E2FE5313 /* HW_errDiffusion.cpp */,
				9DC34CA996D4002377A2CE8F /* HW_median.cpp */,
				E0763879B00BA640954B86B4 /* HW_sharpen.cpp */,
			);
			name = hw2;
			sourceTree = "<group>";
		};
		98958E24D2033CDCEC7E42CF /* hw4 */ = {
			isa = PBXGroup;
			children = (
				4FE913CE1D3E6575A23C83EC /* HW_resize.cpp */,
			);
			name = hw4;
			sourceTree = "<group>";
		};
		AF39DD055C3EF8226FBE929D /* Frameworks */ = {
			isa = PBXGroup;
			children = (
				58A52D18F6633C74BC596DD1 /* IP */,
				126283297C41B4EC43F5D9E5 /* QtPrintSupport.framework */,
				2C58A582C7D0AAD75F01CC99 /* QtOpenGL.framework */,
				5ABED5BE28BD90670F2ACFC2 /* QtWidgets.framework */,
				F8BEC979FE949D542941DA60 /* QtGui.framework */,
				3A0B63FEADA1CCCAF65D2962 /* QtCore.framework */,
				2B774D8E4178765CE52EAAF5 /* DiskArbitration.framework */,
				A1A67BEAA744704B29168D39 /* IOKit.framework */,
				D4B32C2222F82AC56BADEB21 /* OpenGL.framework */,
				8D9815BDB5BD9F90D2BC05C5 /* AGL.framework */,
			);
			name = Frameworks;
			sourceTree = "<group>";
		};
		B8254625CFD509ED2A24A166 /* Sources [moc_predefs] */ = {
			isa = PBXGroup;
			children = (
				AD87F2FD864E9A5ED23B7BE9 /* dummy.cpp */,
			);
			name = "Sources [moc_predefs]";
			sourceTree = "<group>";
		};
		E8C543AB96796ECAA2E65C57 /* CS470_HW */ = {
			isa = PBXGroup;
			children = (
				2EB56BE3C2D93CDAB0C52E67 /* Sources */,
				25B08E2869634E9BCBA333A2 /* Generated Sources */,
				87DF60DE337FB58864343E39 /* Resources */,
				B8254625CFD509ED2A24A166 /* Sources [moc_predefs] */,
				74B182DB50CB5611B5C1C297 /* Supporting Files */,
				AF39DD055C3EF8226FBE929D /* Frameworks */,
				FE0A091FDBFB3E9C31B7A1BD /* Products */,
			);
			name = CS470_HW;
			sourceTree = "<group>";
		};
		FE0A091FDBFB3E9C31B7A1BD /* Products */ = {
			isa = PBXGroup;
			children = (
				C9E645EDDF1535ADB2FB4ABF /* CS470_HW.app */,
			);
			name = Products;
			sourceTree = "<group>";
		};
/* End PBXGroup section */

/* Begin PBXNativeTarget section */
		F8C7A07B184BF2046FB52B9D /* CS470_HW */ = {
			isa = PBXNativeTarget;
			buildConfigurationList = 6CC3B5D2136C7CD6A5CF5A59 /* Build configuration list for PBXNativeTarget "CS470_HW" */;
			buildPhases = (
				F7E50F631C51CD5B5DC0BC43 /* Compile Sources */,
				D1C883685E82D5676953459A /* Link Binary With Libraries */,
				30414803F31797EB689AE508 /* Copy Bundle Resources */,
				99542592E9780B9225F24AA8 /* Embed Frameworks */,
			);
			buildRules = (
			);
			dependencies = (
				D6C2AC2E6CD17649FF2F96FF /* PBXTargetDependency */,
			);
			name = CS470_HW;
			productName = CS470_HW;
			productReference = C9E645EDDF1535ADB2FB4ABF /* CS470_HW.app */;
			productType = "com.apple.product-type.application";
		};
/* End PBXNativeTarget section */

/* Begin PBXProject section */
		6DB9C3763D02B1415CD9D565 /* Project object */ = {
			isa = PBXProject;
			attributes = {
				TargetAttributes = {
					3C9046BD269CAF561D7AAB29 = {
						DevelopmentTeam = V228S3S8PX;
					};
					F8C7A07B184BF2046FB52B9D = {
						DevelopmentTeam = PV92TA66RD;
					};
				};
			};
			buildConfigurationList = DAC4C1AA5EDEA1C85E9CA5E6 /* Build configuration list for PBXProject "CS470_HW" */;
			compatibilityVersion = "Xcode 3.2";
			developmentRegion = en;
			hasScannedForEncodings = 1;
			knownRegions = (
				en,
				Base,
			);
			mainGroup = E8C543AB96796ECAA2E65C57 /* CS470_HW */;
			productRefGroup = FE0A091FDBFB3E9C31B7A1BD /* Products */;
			projectDirPath = "";
			projectRoot = "";
			targets = (
				F8C7A07B184BF2046FB52B9D /* CS470_HW */,
				3C9046BD269CAF561D7AAB29 /* Qt Preprocess */,
			);
		};
/* End PBXProject section */

/* Begin PBXResourcesBuildPhase section */
		30414803F31797EB689AE508 /* Copy Bundle Resources */ = {
			isa = PBXResourcesBuildPhase;
			buildActionMask = 2147483647;
			files = (
			);
			name = "Copy Bundle Resources";
			runOnlyForDeploymentPostprocessing = 0;
		};
/* End PBXResourcesBuildPhase section */

/* Begin PBXShellScriptBuildPhase section */
		5E618435888B9D49F8540165 /* Qt Qmake */ = {
			isa = PBXShellScriptBuildPhase;
			buildActionMask = 2147483647;
			files = (
			);
			name = "Qt Qmake";
			runOnlyForDeploymentPostprocessing = 0;
			shellPath = /bin/sh;
			shellScript = "make -C '/Users/bravo/Desktop/classes/image processing/Image-Processing-Projects/Anthony/CS470.skel' -f CS470_HW.xcodeproj/qt_makeqmake.mak";
			showEnvVarsInLog = 0;
		};
		7EF0942E79C014DCEC8976BC /* Qt Preprocessors */ = {
			isa = PBXShellScriptBuildPhase;
			buildActionMask = 2147483647;
			files = (
			);
			name = "Qt Preprocessors";
			runOnlyForDeploymentPostprocessing = 0;
			shellPath = /bin/sh;
			shellScript = "make -C '/Users/bravo/Desktop/classes/image processing/Image-Processing-Projects/Anthony/CS470.skel' -f CS470_HW.xcodeproj/qt_preprocess.mak";
			showEnvVarsInLog = 0;
		};
/* End PBXShellScriptBuildPhase section */

/* Begin PBXSourcesBuildPhase section */
		F7E50F631C51CD5B5DC0BC43 /* Compile Sources */ = {
			isa = PBXSourcesBuildPhase;
			buildActionMask = 2147483647;
			files = (
				31B8F1D96B016529EB098C39 /* main.cpp in Compile Sources */,
				561E1169843CD39B5B380B20 /* MainWindow.cpp in Compile Sources */,
				72D83752BE0CE8CC201A2BC6 /* ImageFilter.cpp in Compile Sources */,
				3F91C08868E0367FEB197CDB /* qcustomplot.cpp in Compile Sources */,
				DBC1C9068A1EA25FBD751D74 /* Dummy.cpp in Compile Sources */,
				3E6213B221C7EC99600DAB59 /* Threshold.cpp in Compile Sources */,
				C78DA498230B667C4F4ED970 /* Clip.cpp in Compile Sources */,
				904C990235320A1BCDA4C655 /* Quantize.cpp in Compile Sources */,
				AA81D88E23C78E71A6D90FE6 /* Gamma.cpp in Compile Sources */,
				28AD09F51D1E6FF6AFEA50E7 /* Contrast.cpp in Compile Sources */,
				0F2B68CF410DCCC0755E2EB5 /* HistoStretch.cpp in Compile Sources */,
				DD2DBDFF1396144B745DAAE9 /* HistoMatch.cpp in Compile Sources */,
				B6C793A6E2E50504570E9821 /* ErrDiffusion.cpp in Compile Sources */,
				4C788745B7841B59509DEDC9 /* Blur.cpp in Compile Sources */,
				F80CAE1482A5CBFD596BCFF1 /* Sharpen.cpp in Compile Sources */,
				DA136AD7AC8EE3A88A292612 /* Median.cpp in Compile Sources */,
				41A60501890724FF12C014D2 /* GLWidget.cpp in Compile Sources */,
				7CD212C5B96ADE8EEE6912E7 /* Convolve.cpp in Compile Sources */,
				1D1C688734339DC74930C0CA /* Spectrum.cpp in Compile Sources */,
				981FC3142C6E989870E14C30 /* SwapPhase.cpp in Compile Sources */,
				E070D6E445BC2CE33C67BE1C /* Filter.cpp in Compile Sources */,
				B4A44FEACE7E919A1C823361 /* Resize.cpp in Compile Sources */,
				4D8B5C632836CA4D37474313 /* HW_clip.cpp in Compile Sources */,
				7F4CBFFFA8E8C99181DABC0B /* HW_contrast.cpp in Compile Sources */,
				CD710669F0973AA0DB42C9EE /* HW_gamma.cpp in Compile Sources */,
				3E0922C5933F423B90CDBF14 /* HW_histoMatch.cpp in Compile Sources */,
				C13F54E84B9C95C39146F1DC /* HW_histoStretch.cpp in Compile Sources */,
				5E0D6FDE2C595FFC1C361AF1 /* HW_quantize.cpp in Compile Sources */,
				9CD188EE0A99E105779DA074 /* HW_threshold.cpp in Compile Sources */,
				EC05FB9050FDEF5BEA1478D8 /* HW_blur.cpp in Compile Sources */,
				4931286976F5A15DAA0034FF /* HW_convolve.cpp in Compile Sources */,
				10625EA20BF85FD136671B08 /* HW_errDiffusion.cpp in Compile Sources */,
				830D5B2D9B7CB939DC18C70B /* HW_median.cpp in Compile Sources */,
				29AC418049158B523C739905 /* HW_sharpen.cpp in Compile Sources */,
				8264C37A90AC543603C2D311 /* HW_filter.cpp in Compile Sources */,
				1A15882885C0F75DCFC0E05B /* HW_spectrum.cpp in Compile Sources */,
				F93D758DD466E41648E84689 /* HW_swapPhase.cpp in Compile Sources */,
				9EB09EC673682191E8CBA943 /* HW_utils.cpp in Compile Sources */,
				2286101015843E30A636E4F0 /* HW_resize.cpp in Compile Sources */,
				D56F80B75A7F797065192F74 /* qrc_CS470.cpp in Compile Sources */,
				DAD82008667C62F5724AFE96 /* moc_MainWindow.cpp in Compile Sources */,
				4860180E9F5A9767C3E2B1F1 /* moc_qcustomplot.cpp in Compile Sources */,
				65763134EEEF5E52A8A8CD2F /* moc_Dummy.cpp in Compile Sources */,
				583A1EADC8385A963ECD0A0C /* moc_Threshold.cpp in Compile Sources */,
				EE24B37131BFC42F76C435B8 /* moc_Clip.cpp in Compile Sources */,
				89563DF2C1561FCFA924B886 /* moc_Quantize.cpp in Compile Sources */,
				3D89A34BA1F45D9C74A045B9 /* moc_Gamma.cpp in Compile Sources */,
				A877B11FCCC274999EED0DC4 /* moc_Contrast.cpp in Compile Sources */,
				914A4A4E6B938675E751C02D /* moc_HistoStretch.cpp in Compile Sources */,
				89D55BDD84F2CB671E93AA2F /* moc_HistoMatch.cpp in Compile Sources */,
				37965C95FC1834CE101C8836 /* moc_ErrDiffusion.cpp in Compile Sources */,
				91DED06E53D2AD48A43E4167 /* moc_Blur.cpp in Compile Sources */,
				B620111F597908972FE625ED /* moc_Sharpen.cpp in Compile Sources */,
				A54B5CC69EA2042722E47F6E /* moc_Median.cpp in Compile Sources */,
				EA8CE869D7541C64E167D680 /* moc_Convolve.cpp in Compile Sources */,
				D30186EA7248ADFED9610D2A /* moc_Spectrum.cpp in Compile Sources */,
				C25E790A0CB87AD213CA69F0 /* moc_SwapPhase.cpp in Compile Sources */,
				16833E631F26F4CE521663E7 /* moc_Filter.cpp in Compile Sources */,
				70FA42FB62DBE3B5F4434AA5 /* moc_Resize.cpp in Compile Sources */,
				6987DE7C04EC2E9DE4BDBA2E /* dummy.cpp in Compile Sources */,
			);
			name = "Compile Sources";
			runOnlyForDeploymentPostprocessing = 0;
		};
/* End PBXSourcesBuildPhase section */

/* Begin PBXTargetDependency section */
		D6C2AC2E6CD17649FF2F96FF /* PBXTargetDependency */ = {
			isa = PBXTargetDependency;
			target = 3C9046BD269CAF561D7AAB29 /* Qt Preprocess */;
			targetProxy = 4995DB3F234172CC007E0A8A /* PBXContainerItemProxy */;
		};
/* End PBXTargetDependency section */

/* Begin XCBuildConfiguration section */
		339EE1B2CC4FC24589A0EA95 /* Release */ = {
			isa = XCBuildConfiguration;
			buildSettings = {
				APPLICATION_EXTENSION_API_ONLY = NO;
				ARCHS = x86_64;
				"ARCHS[sdk=macosx*]" = x86_64;
				CC = /Applications/Xcode.app/Contents/Developer/Toolchains/XcodeDefault.xctoolchain/usr/bin/clang;
				CONFIGURATION_BUILD_DIR = "/Users/bravo/Desktop/classes/image processing/Image-Processing-Projects/Anthony/CS470.skel/$(CONFIGURATION)$(EFFECTIVE_PLATFORM_NAME)";
				COPY_PHASE_STRIP = NO;
				DEVELOPMENT_TEAM = V228S3S8PX;
				DYLIB_COMPATIBILITY_VERSION = 1.0;
				DYLIB_CURRENT_VERSION = 1.0.0;
				ENABLE_BITCODE = NO;
				FRAMEWORK_SEARCH_PATHS = (
					/Users/bravo/Qt5.12.4/5.12.4/clang_64/lib,
					/Users/bravo/Qt5.12.4/5.12.4/clang_64/lib,
				);
				GCC_VERSION = com.apple.compilers.llvm.clang.1_0;
				HEADER_SEARCH_PATHS = (
					.,
					.,
					IP/header,
					gui_src,
					/Users/bravo/Qt5.12.4/5.12.4/clang_64/lib/QtPrintSupport.framework/Headers,
					/Users/bravo/Qt5.12.4/5.12.4/clang_64/lib/QtOpenGL.framework/Headers,
					/Users/bravo/Qt5.12.4/5.12.4/clang_64/lib/QtWidgets.framework/Headers,
					/Users/bravo/Qt5.12.4/5.12.4/clang_64/lib/QtGui.framework/Headers,
					/Users/bravo/Qt5.12.4/5.12.4/clang_64/lib/QtCore.framework/Headers,
					.,
					/Applications/Xcode.app/Contents/Developer/Platforms/MacOSX.platform/Developer/SDKs/MacOSX10.14.sdk/System/Library/Frameworks/OpenGL.framework/Headers,
					/Applications/Xcode.app/Contents/Developer/Platforms/MacOSX.platform/Developer/SDKs/MacOSX10.14.sdk/System/Library/Frameworks/AGL.framework/Headers,
					"/Users/bravo/Qt5.12.4/5.12.4/clang_64/mkspecs/macx-clang",
				);
				INFOPLIST_FILE = Info.plist;
				LDPLUSPLUS = "/Applications/Xcode.app/Contents/Developer/Toolchains/XcodeDefault.xctoolchain/usr/bin/clang++";
				LIBRARY_SEARCH_PATHS = (
					./IP,
					./IP/mac/lib,
					/Users/bravo/Desktop/classes/image,
					"processing/Image-Processing-Projects/Anthony/CS470.skel/IP/mac/lib",
					/Users/bravo/Qt5.12.4/5.12.4/clang_64/lib,
					/System/Library/Frameworks/,
				);
				MACOSX_DEPLOYMENT_TARGET = 10.11;
				OTHER_CFLAGS = (
					"-pipe",
					"-O2",
					"-Wall",
					"-W",
					"-fPIC",
					"-DQT_NO_DEBUG",
					"-DQT_PRINTSUPPORT_LIB",
					"-DQT_OPENGL_LIB",
					"-DQT_WIDGETS_LIB",
					"-DQT_GUI_LIB",
					"-DQT_CORE_LIB",
				);
				OTHER_CPLUSPLUSFLAGS = (
					"-pipe",
					"-stdlib=libc++",
					"-O2",
					"-std=gnu++11",
					"-Wall",
					"-W",
					"-fPIC",
					"-DQT_NO_DEBUG",
					"-DQT_PRINTSUPPORT_LIB",
					"-DQT_OPENGL_LIB",
					"-DQT_WIDGETS_LIB",
					"-DQT_GUI_LIB",
					"-DQT_CORE_LIB",
				);
				OTHER_LDFLAGS = (
					"-stdlib=libc++",
					"-Wl,-rpath,@executable_path/../Frameworks",
					"-headerpad_max_install_names",
					"-Wl,-rpath,@executable_path/../Frameworks",
					"-Wl,-rpath,/Users/bravo/Qt5.12.4/5.12.4/clang_64/lib",
					"-L./IP",
					"-F/Users/bravo/Qt5.12.4/5.12.4/clang_64/lib",
					"-L./IP/mac/lib",
				);
				PRODUCT_BUNDLE_IDENTIFIER = "com.Olacare.${PRODUCT_NAME:rfc1034identifier}";
				PRODUCT_NAME = CS470_HW;
				QMAKE_PKGINFO_TYPEINFO = "????";
				QT_LIBRARY_SUFFIX = "";
				SDKROOT = macosx;
				SYMROOT = "/Users/bravo/Desktop/classes/image processing/Image-Processing-Projects/Anthony/CS470.skel/.xcode";
			};
			name = Release;
		};
		3AA6C32AC930069E80220CF1 /* Debug */ = {
			isa = XCBuildConfiguration;
			buildSettings = {
				APPLICATION_EXTENSION_API_ONLY = NO;
				ARCHS = x86_64;
				"ARCHS[sdk=macosx*]" = x86_64;
				CC = /Applications/Xcode.app/Contents/Developer/Toolchains/XcodeDefault.xctoolchain/usr/bin/clang;
				CONFIGURATION_BUILD_DIR = "/Users/bravo/Desktop/classes/image processing/Image-Processing-Projects/Anthony/CS470.skel/$(CONFIGURATION)$(EFFECTIVE_PLATFORM_NAME)";
				COPY_PHASE_STRIP = NO;
				DEVELOPMENT_TEAM = V228S3S8PX;
				DYLIB_COMPATIBILITY_VERSION = 1.0;
				DYLIB_CURRENT_VERSION = 1.0.0;
				ENABLE_BITCODE = NO;
				FRAMEWORK_SEARCH_PATHS = (
					/Users/bravo/Qt5.12.4/5.12.4/clang_64/lib,
					/Users/bravo/Qt5.12.4/5.12.4/clang_64/lib,
				);
				GCC_OPTIMIZATION_LEVEL = 0;
				GCC_VERSION = com.apple.compilers.llvm.clang.1_0;
				HEADER_SEARCH_PATHS = (
					.,
					.,
					IP/header,
					gui_src,
					/Users/bravo/Qt5.12.4/5.12.4/clang_64/lib/QtPrintSupport.framework/Headers,
					/Users/bravo/Qt5.12.4/5.12.4/clang_64/lib/QtOpenGL.framework/Headers,
					/Users/bravo/Qt5.12.4/5.12.4/clang_64/lib/QtWidgets.framework/Headers,
					/Users/bravo/Qt5.12.4/5.12.4/clang_64/lib/QtGui.framework/Headers,
					/Users/bravo/Qt5.12.4/5.12.4/clang_64/lib/QtCore.framework/Headers,
					.,
					/Applications/Xcode.app/Contents/Developer/Platforms/MacOSX.platform/Developer/SDKs/MacOSX10.14.sdk/System/Library/Frameworks/OpenGL.framework/Headers,
					/Applications/Xcode.app/Contents/Developer/Platforms/MacOSX.platform/Developer/SDKs/MacOSX10.14.sdk/System/Library/Frameworks/AGL.framework/Headers,
					"/Users/bravo/Qt5.12.4/5.12.4/clang_64/mkspecs/macx-clang",
				);
				INFOPLIST_FILE = Info.plist;
				LDPLUSPLUS = "/Applications/Xcode.app/Contents/Developer/Toolchains/XcodeDefault.xctoolchain/usr/bin/clang++";
				LIBRARY_SEARCH_PATHS = (
					./IP,
					./IP/mac/lib,
					/Users/bravo/Desktop/classes/image,
					"processing/Image-Processing-Projects/Anthony/CS470.skel/IP/mac/lib",
					/Users/bravo/Qt5.12.4/5.12.4/clang_64/lib,
					/System/Library/Frameworks/,
				);
				MACOSX_DEPLOYMENT_TARGET = 10.11;
				ONLY_ACTIVE_ARCH = YES;
				OTHER_CFLAGS = (
					"-pipe",
					"-O2",
					"-Wall",
					"-W",
					"-fPIC",
					"-DQT_NO_DEBUG",
					"-DQT_PRINTSUPPORT_LIB",
					"-DQT_OPENGL_LIB",
					"-DQT_WIDGETS_LIB",
					"-DQT_GUI_LIB",
					"-DQT_CORE_LIB",
				);
				OTHER_CPLUSPLUSFLAGS = (
					"-pipe",
					"-stdlib=libc++",
					"-O2",
					"-std=gnu++11",
					"-Wall",
					"-W",
					"-fPIC",
					"-DQT_NO_DEBUG",
					"-DQT_PRINTSUPPORT_LIB",
					"-DQT_OPENGL_LIB",
					"-DQT_WIDGETS_LIB",
					"-DQT_GUI_LIB",
					"-DQT_CORE_LIB",
				);
				OTHER_LDFLAGS = (
					"-stdlib=libc++",
					"-Wl,-rpath,@executable_path/../Frameworks",
					"-headerpad_max_install_names",
					"-Wl,-rpath,@executable_path/../Frameworks",
					"-Wl,-rpath,/Users/bravo/Qt5.12.4/5.12.4/clang_64/lib",
					"-L./IP",
					"-F/Users/bravo/Qt5.12.4/5.12.4/clang_64/lib",
					"-L./IP/mac/lib",
				);
				PRODUCT_BUNDLE_IDENTIFIER = "com.Olacare.${PRODUCT_NAME:rfc1034identifier}";
				PRODUCT_NAME = CS470_HW;
				QMAKE_PKGINFO_TYPEINFO = "????";
				QT_LIBRARY_SUFFIX = _debug;
				SDKROOT = macosx;
				SYMROOT = "/Users/bravo/Desktop/classes/image processing/Image-Processing-Projects/Anthony/CS470.skel/.xcode";
			};
			name = Debug;
		};
		6666AA5E688052234F6758D8 /* Release */ = {
			isa = XCBuildConfiguration;
			buildSettings = {
				APPLICATION_EXTENSION_API_ONLY = NO;
				"ARCHS[sdk=macosx*]" = x86_64;
				COPY_PHASE_STRIP = NO;
				DEVELOPMENT_TEAM = PV92TA66RD;
				ENABLE_BITCODE = NO;
				PRODUCT_BUNDLE_IDENTIFIER = "";
				PRODUCT_NAME = CS470_HW;
				QMAKE_PKGINFO_TYPEINFO = "????";
				QT_LIBRARY_SUFFIX = "";
				SDKROOT = macosx;
			};
			name = Release;
		};
		77418F46922677BB04ED38DD /* Debug */ = {
			isa = XCBuildConfiguration;
			buildSettings = {
				APPLICATION_EXTENSION_API_ONLY = NO;
				"ARCHS[sdk=macosx*]" = x86_64;
				COPY_PHASE_STRIP = NO;
				DEVELOPMENT_TEAM = PV92TA66RD;
				ENABLE_BITCODE = NO;
				GCC_OPTIMIZATION_LEVEL = 0;
				ONLY_ACTIVE_ARCH = YES;
				PRODUCT_BUNDLE_IDENTIFIER = "";
				PRODUCT_NAME = CS470_HW;
				QMAKE_PKGINFO_TYPEINFO = "????";
				QT_LIBRARY_SUFFIX = _debug;
				SDKROOT = macosx;
			};
			name = Debug;
		};
/* End XCBuildConfiguration section */

/* Begin XCConfigurationList section */
		6CC3B5D2136C7CD6A5CF5A59 /* Build configuration list for PBXNativeTarget "CS470_HW" */ = {
			isa = XCConfigurationList;
			buildConfigurations = (
				77418F46922677BB04ED38DD /* Debug */,
				6666AA5E688052234F6758D8 /* Release */,
			);
			defaultConfigurationIsVisible = 0;
			defaultConfigurationName = Release;
		};
		DAC4C1AA5EDEA1C85E9CA5E6 /* Build configuration list for PBXProject "CS470_HW" */ = {
			isa = XCConfigurationList;
			buildConfigurations = (
				3AA6C32AC930069E80220CF1 /* Debug */,
				339EE1B2CC4FC24589A0EA95 /* Release */,
			);
			defaultConfigurationIsVisible = 0;
			defaultConfigurationName = Release;
		};
/* End XCConfigurationList section */
	};
	rootObject = 6DB9C3763D02B1415CD9D565 /* Project object */;
}
