// !$*UTF8*$!
{
	archiveVersion = 1;
	classes = {
	};
	objectVersion = 46;
	objects = {

/* Begin PBXAggregateTarget section */
		2EC00E9BFD4F130A61CF5EDF /* Qt Preprocess */ = {
			isa = PBXAggregateTarget;
			buildConfigurationList = 6CC3B5D2136C7CD6A5CF5A59 /* Build configuration list for PBXNativeTarget "CS470_HW" */;
			buildPhases = (
				5E618435888B9D49F8540165 /* Qt Qmake */,
				7EF0942E79C014DCEC8976BC /* Qt Preprocessors */,
			);
			dependencies = (
			);
			name = "Qt Preprocess";
			productName = "Qt Preprocess";
		};
/* End PBXAggregateTarget section */

/* Begin PBXBuildFile section */
		0135CD8DEE8F52507045A37A /* HW_threshold.cpp in Compile Sources */ = {isa = PBXBuildFile; fileRef = C1860592B471FF7A51A786EA /* HW_threshold.cpp */; settings = {ATTRIBUTES = (); }; };
		0C201E00EBDC9D4895C26814 /* HW_histoStretch.cpp in Compile Sources */ = {isa = PBXBuildFile; fileRef = B6DF971488751E6B8E89BE2D /* HW_histoStretch.cpp */; settings = {ATTRIBUTES = (); }; };
		120FA763A2DBF337CCD79711 /* HW_gamma.cpp in Compile Sources */ = {isa = PBXBuildFile; fileRef = A118AF2C48C9D61F56220448 /* HW_gamma.cpp */; settings = {ATTRIBUTES = (); }; };
		1786F7F0C18D7EB2099CC689 /* moc_MainWindow.cpp in Compile Sources */ = {isa = PBXBuildFile; fileRef = 5DE108607E17DD148A7FA7ED /* moc_MainWindow.cpp */; settings = {ATTRIBUTES = (); }; };
		1D367F0693FF434515FCC536 /* ImageFilter.cpp in Compile Sources */ = {isa = PBXBuildFile; fileRef = A924E3CE6968F98EF52A77C1 /* ImageFilter.cpp */; settings = {ATTRIBUTES = (); }; };
		1DF65719210D1C5DB80A64AC /* HW_filter.cpp in Compile Sources */ = {isa = PBXBuildFile; fileRef = 2BC12EB2CB208FEF9EBF18ED /* HW_filter.cpp */; settings = {ATTRIBUTES = (); }; };
		2215C2F7D97F793B97C76C6D /* moc_Median.cpp in Compile Sources */ = {isa = PBXBuildFile; fileRef = 9289CD2840385962FB156E5F /* moc_Median.cpp */; settings = {ATTRIBUTES = (); }; };
		2DA6D61CFBA89381AA0D8D50 /* Median.cpp in Compile Sources */ = {isa = PBXBuildFile; fileRef = 8EE1A0C29FF58B5B8A841976 /* Median.cpp */; settings = {ATTRIBUTES = (); }; };
		2ED93C2062C20E4DE5E9B5D8 /* Quantize.cpp in Compile Sources */ = {isa = PBXBuildFile; fileRef = 304D62EEC93AEA9E4C99984F /* Quantize.cpp */; settings = {ATTRIBUTES = (); }; };
		2EDBB841D9D389FA26E48A3E /* moc_Filter.cpp in Compile Sources */ = {isa = PBXBuildFile; fileRef = E09B06C997B36E25B813AD0B /* moc_Filter.cpp */; settings = {ATTRIBUTES = (); }; };
		307CE1745616751293298003 /* HW_quantize.cpp in Compile Sources */ = {isa = PBXBuildFile; fileRef = BA46467EBFFE7DA479396CB0 /* HW_quantize.cpp */; settings = {ATTRIBUTES = (); }; };
		31CAB2EC241B0C0B5DB9674B /* moc_HistoStretch.cpp in Compile Sources */ = {isa = PBXBuildFile; fileRef = 437F72AABF693E1150EF1A22 /* moc_HistoStretch.cpp */; settings = {ATTRIBUTES = (); }; };
		352B4F34241B1BFAA8D55ED4 /* GLWidget.cpp in Compile Sources */ = {isa = PBXBuildFile; fileRef = BDA41F5992A8A6F6C37B7F1B /* GLWidget.cpp */; settings = {ATTRIBUTES = (); }; };
		36BAE854F33F96998F9C25F5 /* moc_Gamma.cpp in Compile Sources */ = {isa = PBXBuildFile; fileRef = 77AE36125B155E8C2DDC995D /* moc_Gamma.cpp */; settings = {ATTRIBUTES = (); }; };
		36E0E654CCAF59B435445683 /* moc_Convolve.cpp in Compile Sources */ = {isa = PBXBuildFile; fileRef = A688C4B4AAFD5574EEA9FD13 /* moc_Convolve.cpp */; settings = {ATTRIBUTES = (); }; };
		3E7C65668311DB465D12FE5D /* QtWidgets.framework in Link Binary With Libraries */ = {isa = PBXBuildFile; fileRef = 71DF1E64C4BEA43BBA3B81B8 /* QtWidgets.framework */; };
		3F979CD1AE7A82940E8C41C9 /* Dummy.cpp in Compile Sources */ = {isa = PBXBuildFile; fileRef = D8B7D7621D7A2A8065D9AF13 /* Dummy.cpp */; settings = {ATTRIBUTES = (); }; };
		47FF9339291F37224AE5C352 /* moc_qcustomplot.cpp in Compile Sources */ = {isa = PBXBuildFile; fileRef = 9D77D929067C8E0DC4529E91 /* moc_qcustomplot.cpp */; settings = {ATTRIBUTES = (); }; };
		4B668407932AFC857C12125B /* qrc_CS470.cpp in Compile Sources */ = {isa = PBXBuildFile; fileRef = 2B44DEF178FA74DF6A242941 /* qrc_CS470.cpp */; settings = {ATTRIBUTES = (); }; };
		4CD7EB63843A837BE9CAEBBC /* HistoMatch.cpp in Compile Sources */ = {isa = PBXBuildFile; fileRef = 31CA42132AF86F6A206F1302 /* HistoMatch.cpp */; settings = {ATTRIBUTES = (); }; };
		4E55A137F910B50478077EAD /* moc_Spectrum.cpp in Compile Sources */ = {isa = PBXBuildFile; fileRef = 4CBA78E7704E365545C6D838 /* moc_Spectrum.cpp */; settings = {ATTRIBUTES = (); }; };
		4E5BCBA4EBDB06848BE47B04 /* HW_spectrum.cpp in Compile Sources */ = {isa = PBXBuildFile; fileRef = 313060B1E37B2B704E936CCE /* HW_spectrum.cpp */; settings = {ATTRIBUTES = (); }; };
		4E65843CB5887F44E8340EBB /* Filter.cpp in Compile Sources */ = {isa = PBXBuildFile; fileRef = E7F40FDEB45184BC77882D96 /* Filter.cpp */; settings = {ATTRIBUTES = (); }; };
		4F18C3031C59C68F9D22E98F /* qcustomplot.cpp in Compile Sources */ = {isa = PBXBuildFile; fileRef = 9EA100EA7639C3FA1FF660D6 /* qcustomplot.cpp */; settings = {ATTRIBUTES = (); }; };
		51FEA6907CCCBA094D091ACE /* Spectrum.cpp in Compile Sources */ = {isa = PBXBuildFile; fileRef = 33D3C91C5AE3A4B272FFB01B /* Spectrum.cpp */; settings = {ATTRIBUTES = (); }; };
		522AF2282E7D28699C89F5ED /* moc_Resize.cpp in Compile Sources */ = {isa = PBXBuildFile; fileRef = D2A317810814D7E91213BCF3 /* moc_Resize.cpp */; settings = {ATTRIBUTES = (); }; };
		5EE0CBB267BADCDA3BFB21C4 /* dummy.cpp in Compile Sources */ = {isa = PBXBuildFile; fileRef = F46C04D8761AE71BC82BB16A /* dummy.cpp */; settings = {ATTRIBUTES = (); }; };
		65EFB7D71823534D9461E44B /* HW_median.cpp in Compile Sources */ = {isa = PBXBuildFile; fileRef = C54F9AA092ED99F9770C0A89 /* HW_median.cpp */; settings = {ATTRIBUTES = (); }; };
		705653921562AA55AD68E933 /* HW_swapPhase.cpp in Compile Sources */ = {isa = PBXBuildFile; fileRef = 3DFE1915513D9BD0D74C633F /* HW_swapPhase.cpp */; settings = {ATTRIBUTES = (); }; };
		709D5BC87217E752A2ADDA5F /* moc_HistoMatch.cpp in Compile Sources */ = {isa = PBXBuildFile; fileRef = 5AE7B042A00FE5CF61ACB572 /* moc_HistoMatch.cpp */; settings = {ATTRIBUTES = (); }; };
		72DD774D030E3CD7FC493C03 /* IP in Link Binary With Libraries */ = {isa = PBXBuildFile; fileRef = F695839068F717ACFE68FE23 /* IP */; };
		765C4F4262624DDF551FBF88 /* QtCore.framework in Link Binary With Libraries */ = {isa = PBXBuildFile; fileRef = 9832CA433DA48B127762C6ED /* QtCore.framework */; };
		7B59A8BCAA968576B9C3ABBB /* HW_sharpen.cpp in Compile Sources */ = {isa = PBXBuildFile; fileRef = 003B9709E4FB13067D812260 /* HW_sharpen.cpp */; settings = {ATTRIBUTES = (); }; };
		821F2E0E4E42A652BAE4C39F /* moc_Clip.cpp in Compile Sources */ = {isa = PBXBuildFile; fileRef = 0CFF9ABE8AFC49F1572DD049 /* moc_Clip.cpp */; settings = {ATTRIBUTES = (); }; };
		84F2FCDAD360ED87EAFFC995 /* Threshold.cpp in Compile Sources */ = {isa = PBXBuildFile; fileRef = 13233516C9117038D21BB1DD /* Threshold.cpp */; settings = {ATTRIBUTES = (); }; };
		85B78787AE94B2ADA5F22B22 /* HW_utils.cpp in Compile Sources */ = {isa = PBXBuildFile; fileRef = E107926C51F93AA888497644 /* HW_utils.cpp */; settings = {ATTRIBUTES = (); }; };
		8771A8C96E9C391044035D99 /* OpenGL.framework in Link Binary With Libraries */ = {isa = PBXBuildFile; fileRef = D4B32C2222F82AC56BADEB21 /* OpenGL.framework */; };
		8D267F2E4776F0ECA2F49DC8 /* IOKit.framework in Link Binary With Libraries */ = {isa = PBXBuildFile; fileRef = A1A67BEAA744704B29168D39 /* IOKit.framework */; };
		8D8E7B1E9C049E9D67050426 /* moc_Contrast.cpp in Compile Sources */ = {isa = PBXBuildFile; fileRef = CA7D33EEB05CD8E8CE7B66F6 /* moc_Contrast.cpp */; settings = {ATTRIBUTES = (); }; };
		8FA369BEF810653EF37C86CA /* Clip.cpp in Compile Sources */ = {isa = PBXBuildFile; fileRef = C4CA8D8498E5CF823D00873B /* Clip.cpp */; settings = {ATTRIBUTES = (); }; };
		926E9F28238A5204008F6275 /* dft1D.c in Compile Sources */ = {isa = PBXBuildFile; fileRef = 926E9F27238A5203008F6275 /* dft1D.c */; };
		9518D5E3F2DA8A7410298D00 /* HW_resize.cpp in Compile Sources */ = {isa = PBXBuildFile; fileRef = D0CC2655131832302315C766 /* HW_resize.cpp */; settings = {ATTRIBUTES = (); }; };
		998AD586E87D10E3F49A0448 /* HW_errDiffusion.cpp in Compile Sources */ = {isa = PBXBuildFile; fileRef = B1561B703764C11C9E728CF6 /* HW_errDiffusion.cpp */; settings = {ATTRIBUTES = (); }; };
		9BA032A43CBCB99505DCAD9B /* ErrDiffusion.cpp in Compile Sources */ = {isa = PBXBuildFile; fileRef = 4887ED1FAAA093B285D9239E /* ErrDiffusion.cpp */; settings = {ATTRIBUTES = (); }; };
		A10BC134F4FA87F2755F9D18 /* Gamma.cpp in Compile Sources */ = {isa = PBXBuildFile; fileRef = 85DF245F3312B08783011511 /* Gamma.cpp */; settings = {ATTRIBUTES = (); }; };
		A26A47158FF2AF3E849AF9CB /* moc_Quantize.cpp in Compile Sources */ = {isa = PBXBuildFile; fileRef = 879B69184E3924F6AF44CAA5 /* moc_Quantize.cpp */; settings = {ATTRIBUTES = (); }; };
		A665F7BAF0DFFF35630B4388 /* Contrast.cpp in Compile Sources */ = {isa = PBXBuildFile; fileRef = 90DD4130C822461D2E520C24 /* Contrast.cpp */; settings = {ATTRIBUTES = (); }; };
		A6F1D11E5F8571B8C15B965A /* HW_contrast.cpp in Compile Sources */ = {isa = PBXBuildFile; fileRef = 4C350CBD4FA1ECDA7643CF3A /* HW_contrast.cpp */; settings = {ATTRIBUTES = (); }; };
		A77AFAC3040698B67FE5924A /* HW_histoMatch.cpp in Compile Sources */ = {isa = PBXBuildFile; fileRef = 596BB6381CA5505602AD0F91 /* HW_histoMatch.cpp */; settings = {ATTRIBUTES = (); }; };
		A7B2D7BC745C931FCC94562A /* Resize.cpp in Compile Sources */ = {isa = PBXBuildFile; fileRef = 570A9B60EA3853AF3513B549 /* Resize.cpp */; settings = {ATTRIBUTES = (); }; };
		A94A3CCD98A229DEE3F70744 /* moc_SwapPhase.cpp in Compile Sources */ = {isa = PBXBuildFile; fileRef = BE548C0F8D4236A049A08536 /* moc_SwapPhase.cpp */; settings = {ATTRIBUTES = (); }; };
		A99B2AA0F9CBBDD12BA126A4 /* DiskArbitration.framework in Link Binary With Libraries */ = {isa = PBXBuildFile; fileRef = 2B774D8E4178765CE52EAAF5 /* DiskArbitration.framework */; };
		ADCAEAC7F85B86E83AD72903 /* Convolve.cpp in Compile Sources */ = {isa = PBXBuildFile; fileRef = E352DE46B959EA3CEED1F1B9 /* Convolve.cpp */; settings = {ATTRIBUTES = (); }; };
		B24EB99267193EFDFF759B7C /* MainWindow.cpp in Compile Sources */ = {isa = PBXBuildFile; fileRef = 767879AD862B98AC84AA1A98 /* MainWindow.cpp */; settings = {ATTRIBUTES = (); }; };
		B3FCA2ACCDF345F364E8E064 /* QtGui.framework in Link Binary With Libraries */ = {isa = PBXBuildFile; fileRef = A4D8DF50E2AC2E41AAFB2914 /* QtGui.framework */; };
		B43D514B41B4D07EA140B772 /* QtOpenGL.framework in Link Binary With Libraries */ = {isa = PBXBuildFile; fileRef = 1AB5DD82D7639CC4F973F230 /* QtOpenGL.framework */; };
		B6C46388B5D9AB17C963089A /* moc_Sharpen.cpp in Compile Sources */ = {isa = PBXBuildFile; fileRef = C40D5FE82FA5739F64AC4DAC /* moc_Sharpen.cpp */; settings = {ATTRIBUTES = (); }; };
		B7F5022BCFAF09C9572ADF3C /* main.cpp in Compile Sources */ = {isa = PBXBuildFile; fileRef = AE92EAE9C6E4EBE2364825A6 /* main.cpp */; settings = {ATTRIBUTES = (); }; };
		BC63B8ADD1E108684156A29C /* QtPrintSupport.framework in Link Binary With Libraries */ = {isa = PBXBuildFile; fileRef = 4F30D7BE181CC9D06371DE15 /* QtPrintSupport.framework */; };
		BE5761BD6D2D6231B621977B /* moc_ErrDiffusion.cpp in Compile Sources */ = {isa = PBXBuildFile; fileRef = DD865A69B98702DE589E829D /* moc_ErrDiffusion.cpp */; settings = {ATTRIBUTES = (); }; };
		C23519B83F628CDCB3E67AA2 /* Blur.cpp in Compile Sources */ = {isa = PBXBuildFile; fileRef = 51A6C35455D6A5CA7E5589BB /* Blur.cpp */; settings = {ATTRIBUTES = (); }; };
		D0C1DC3C3016A6E92336FE82 /* moc_Threshold.cpp in Compile Sources */ = {isa = PBXBuildFile; fileRef = C8C4149B7DA4721ECD38B876 /* moc_Threshold.cpp */; settings = {ATTRIBUTES = (); }; };
		D13FDA75E81931B2827EF81F /* HW_clip.cpp in Compile Sources */ = {isa = PBXBuildFile; fileRef = 8535FF45C2142779743117FE /* HW_clip.cpp */; settings = {ATTRIBUTES = (); }; };
		E45E51A644D5FC9F942ECE55 /* AGL.framework in Link Binary With Libraries */ = {isa = PBXBuildFile; fileRef = 8D9815BDB5BD9F90D2BC05C5 /* AGL.framework */; };
		E74CF7698A42B69121992FB9 /* HW_convolve.cpp in Compile Sources */ = {isa = PBXBuildFile; fileRef = 260708EEBA1428AF2FE91F59 /* HW_convolve.cpp */; settings = {ATTRIBUTES = (); }; };
		ECB4EE1B91BB21B5EE2944DF /* HistoStretch.cpp in Compile Sources */ = {isa = PBXBuildFile; fileRef = 307CA90A85665FF31F9C99D5 /* HistoStretch.cpp */; settings = {ATTRIBUTES = (); }; };
		EEC9F5A88EC9274B65273393 /* moc_Dummy.cpp in Compile Sources */ = {isa = PBXBuildFile; fileRef = C9DA58ABDE0649AB63B8FBEF /* moc_Dummy.cpp */; settings = {ATTRIBUTES = (); }; };
		F0E5D731CC4CC15A59B0BC42 /* HW_blur.cpp in Compile Sources */ = {isa = PBXBuildFile; fileRef = C8A3A06BC1A74385617DA4A4 /* HW_blur.cpp */; settings = {ATTRIBUTES = (); }; };
		F6C8EDB5ED1C53749E10EF7D /* moc_Blur.cpp in Compile Sources */ = {isa = PBXBuildFile; fileRef = 5ABD45F97DE1756D505A7C11 /* moc_Blur.cpp */; settings = {ATTRIBUTES = (); }; };
		FC40F58008D84C69C78E049D /* SwapPhase.cpp in Compile Sources */ = {isa = PBXBuildFile; fileRef = 9193EC2E980419E3FC9A7DED /* SwapPhase.cpp */; settings = {ATTRIBUTES = (); }; };
		FE0CD66FA23F56C2E0580A69 /* Sharpen.cpp in Compile Sources */ = {isa = PBXBuildFile; fileRef = 5842490B2C953BE4BED4A22F /* Sharpen.cpp */; settings = {ATTRIBUTES = (); }; };
/* End PBXBuildFile section */

/* Begin PBXContainerItemProxy section */
		926E9F26238A4274008F6275 /* PBXContainerItemProxy */ = {
			isa = PBXContainerItemProxy;
			containerPortal = 6DB9C3763D02B1415CD9D565 /* Project object */;
			proxyType = 1;
			remoteGlobalIDString = 2EC00E9BFD4F130A61CF5EDF;
			remoteInfo = "Qt Preprocess";
		};
/* End PBXContainerItemProxy section */

/* Begin PBXCopyFilesBuildPhase section */
		99542592E9780B9225F24AA8 /* Embed Frameworks */ = {
			isa = PBXCopyFilesBuildPhase;
			buildActionMask = 2147483647;
			dstPath = "";
			dstSubfolderSpec = 10;
			files = (
			);
			name = "Embed Frameworks";
			runOnlyForDeploymentPostprocessing = 0;
		};
/* End PBXCopyFilesBuildPhase section */

/* Begin PBXFileReference section */
		003B9709E4FB13067D812260 /* HW_sharpen.cpp */ = {isa = PBXFileReference; lastKnownFileType = sourcecode.cpp.cpp; name = HW_sharpen.cpp; path = "/Users/anthony/Desktop/classes/image processing/Image-Processing-Projects/Anthony/CS470.skel/hw2/HW_sharpen.cpp"; sourceTree = "<absolute>"; };
		0CFF9ABE8AFC49F1572DD049 /* moc_Clip.cpp */ = {isa = PBXFileReference; lastKnownFileType = sourcecode.cpp.cpp; name = moc_Clip.cpp; path = "/Users/anthony/Desktop/classes/image processing/Image-Processing-Projects/Anthony/CS470.skel/moc_Clip.cpp"; sourceTree = "<absolute>"; };
		13233516C9117038D21BB1DD /* Threshold.cpp */ = {isa = PBXFileReference; lastKnownFileType = sourcecode.cpp.cpp; name = Threshold.cpp; path = "/Users/anthony/Desktop/classes/image processing/Image-Processing-Projects/Anthony/CS470.skel/gui_src/Threshold.cpp"; sourceTree = "<absolute>"; };
		146CEFE02484620535915BC0 /* GLWidget.h */ = {isa = PBXFileReference; lastKnownFileType = sourcecode.c.h; name = GLWidget.h; path = "/Users/anthony/Desktop/classes/image processing/Image-Processing-Projects/Anthony/CS470.skel/gui_src/GLWidget.h"; sourceTree = "<absolute>"; };
		1AB5DD82D7639CC4F973F230 /* QtOpenGL.framework */ = {isa = PBXFileReference; lastKnownFileType = wrapper.framework; name = QtOpenGL.framework; path = /Users/anthony/Qt5.12.4/5.12.4/clang_64/lib/QtOpenGL.framework; sourceTree = "<absolute>"; };
		1D24AE062A957B7F785C82ED /* Contrast.h */ = {isa = PBXFileReference; lastKnownFileType = sourcecode.c.h; name = Contrast.h; path = "/Users/anthony/Desktop/classes/image processing/Image-Processing-Projects/Anthony/CS470.skel/gui_src/Contrast.h"; sourceTree = "<absolute>"; };
		260708EEBA1428AF2FE91F59 /* HW_convolve.cpp */ = {isa = PBXFileReference; lastKnownFileType = sourcecode.cpp.cpp; name = HW_convolve.cpp; path = "/Users/anthony/Desktop/classes/image processing/Image-Processing-Projects/Anthony/CS470.skel/hw2/HW_convolve.cpp"; sourceTree = "<absolute>"; };
		2B44DEF178FA74DF6A242941 /* qrc_CS470.cpp */ = {isa = PBXFileReference; lastKnownFileType = sourcecode.cpp.cpp; name = qrc_CS470.cpp; path = "/Users/anthony/Desktop/classes/image processing/Image-Processing-Projects/Anthony/CS470.skel/qrc_CS470.cpp"; sourceTree = "<absolute>"; };
		2B774D8E4178765CE52EAAF5 /* DiskArbitration.framework */ = {isa = PBXFileReference; lastKnownFileType = wrapper.framework; name = DiskArbitration.framework; path = /System/Library/Frameworks/DiskArbitration.framework; sourceTree = "<absolute>"; };
		2BC12EB2CB208FEF9EBF18ED /* HW_filter.cpp */ = {isa = PBXFileReference; lastKnownFileType = sourcecode.cpp.cpp; name = HW_filter.cpp; path = "/Users/anthony/Desktop/classes/image processing/Image-Processing-Projects/Anthony/CS470.skel/hw3/HW_filter.cpp"; sourceTree = "<absolute>"; };
		2FBA63609268DF76BB3C8C38 /* CS470.qrc */ = {isa = PBXFileReference; lastKnownFileType = text; name = CS470.qrc; path = "/Users/anthony/Desktop/classes/image processing/Image-Processing-Projects/Anthony/CS470.skel/CS470.qrc"; sourceTree = "<absolute>"; };
		304D62EEC93AEA9E4C99984F /* Quantize.cpp */ = {isa = PBXFileReference; lastKnownFileType = sourcecode.cpp.cpp; name = Quantize.cpp; path = "/Users/anthony/Desktop/classes/image processing/Image-Processing-Projects/Anthony/CS470.skel/gui_src/Quantize.cpp"; sourceTree = "<absolute>"; };
		307CA90A85665FF31F9C99D5 /* HistoStretch.cpp */ = {isa = PBXFileReference; lastKnownFileType = sourcecode.cpp.cpp; name = HistoStretch.cpp; path = "/Users/anthony/Desktop/classes/image processing/Image-Processing-Projects/Anthony/CS470.skel/gui_src/HistoStretch.cpp"; sourceTree = "<absolute>"; };
		313060B1E37B2B704E936CCE /* HW_spectrum.cpp */ = {isa = PBXFileReference; lastKnownFileType = sourcecode.cpp.cpp; name = HW_spectrum.cpp; path = "/Users/anthony/Desktop/classes/image processing/Image-Processing-Projects/Anthony/CS470.skel/hw3/HW_spectrum.cpp"; sourceTree = "<absolute>"; };
		31CA42132AF86F6A206F1302 /* HistoMatch.cpp */ = {isa = PBXFileReference; lastKnownFileType = sourcecode.cpp.cpp; name = HistoMatch.cpp; path = "/Users/anthony/Desktop/classes/image processing/Image-Processing-Projects/Anthony/CS470.skel/gui_src/HistoMatch.cpp"; sourceTree = "<absolute>"; };
		336FE3E3237A0488A713A054 /* Dummy.h */ = {isa = PBXFileReference; lastKnownFileType = sourcecode.c.h; name = Dummy.h; path = "/Users/anthony/Desktop/classes/image processing/Image-Processing-Projects/Anthony/CS470.skel/gui_src/Dummy.h"; sourceTree = "<absolute>"; };
		33D3C91C5AE3A4B272FFB01B /* Spectrum.cpp */ = {isa = PBXFileReference; lastKnownFileType = sourcecode.cpp.cpp; name = Spectrum.cpp; path = "/Users/anthony/Desktop/classes/image processing/Image-Processing-Projects/Anthony/CS470.skel/gui_src/Spectrum.cpp"; sourceTree = "<absolute>"; };
		36060C487272D594263728BC /* Blur.h */ = {isa = PBXFileReference; lastKnownFileType = sourcecode.c.h; name = Blur.h; path = "/Users/anthony/Desktop/classes/image processing/Image-Processing-Projects/Anthony/CS470.skel/gui_src/Blur.h"; sourceTree = "<absolute>"; };
		3DF7E7426AB36086E3BE4945 /* Resize.h */ = {isa = PBXFileReference; lastKnownFileType = sourcecode.c.h; name = Resize.h; path = "/Users/anthony/Desktop/classes/image processing/Image-Processing-Projects/Anthony/CS470.skel/gui_src/Resize.h"; sourceTree = "<absolute>"; };
		3DFE1915513D9BD0D74C633F /* HW_swapPhase.cpp */ = {isa = PBXFileReference; lastKnownFileType = sourcecode.cpp.cpp; name = HW_swapPhase.cpp; path = "/Users/anthony/Desktop/classes/image processing/Image-Processing-Projects/Anthony/CS470.skel/hw3/HW_swapPhase.cpp"; sourceTree = "<absolute>"; };
		437F72AABF693E1150EF1A22 /* moc_HistoStretch.cpp */ = {isa = PBXFileReference; lastKnownFileType = sourcecode.cpp.cpp; name = moc_HistoStretch.cpp; path = "/Users/anthony/Desktop/classes/image processing/Image-Processing-Projects/Anthony/CS470.skel/moc_HistoStretch.cpp"; sourceTree = "<absolute>"; };
		43FE76B4F1DC5AF8B48E3363 /* CS470_HW.app */ = {isa = PBXFileReference; explicitFileType = wrapper.application; includeInIndex = 0; path = CS470_HW.app; sourceTree = BUILT_PRODUCTS_DIR; };
		4887ED1FAAA093B285D9239E /* ErrDiffusion.cpp */ = {isa = PBXFileReference; lastKnownFileType = sourcecode.cpp.cpp; name = ErrDiffusion.cpp; path = "/Users/anthony/Desktop/classes/image processing/Image-Processing-Projects/Anthony/CS470.skel/gui_src/ErrDiffusion.cpp"; sourceTree = "<absolute>"; };
		4C350CBD4FA1ECDA7643CF3A /* HW_contrast.cpp */ = {isa = PBXFileReference; lastKnownFileType = sourcecode.cpp.cpp; name = HW_contrast.cpp; path = "/Users/anthony/Desktop/classes/image processing/Image-Processing-Projects/Anthony/CS470.skel/hw1/HW_contrast.cpp"; sourceTree = "<absolute>"; };
		4CBA78E7704E365545C6D838 /* moc_Spectrum.cpp */ = {isa = PBXFileReference; lastKnownFileType = sourcecode.cpp.cpp; name = moc_Spectrum.cpp; path = "/Users/anthony/Desktop/classes/image processing/Image-Processing-Projects/Anthony/CS470.skel/moc_Spectrum.cpp"; sourceTree = "<absolute>"; };
		4CC68662774D486605486B5C /* SwapPhase.h */ = {isa = PBXFileReference; lastKnownFileType = sourcecode.c.h; name = SwapPhase.h; path = "/Users/anthony/Desktop/classes/image processing/Image-Processing-Projects/Anthony/CS470.skel/gui_src/SwapPhase.h"; sourceTree = "<absolute>"; };
		4E340A2D776A33634A86AF9F /* ErrDiffusion.h */ = {isa = PBXFileReference; lastKnownFileType = sourcecode.c.h; name = ErrDiffusion.h; path = "/Users/anthony/Desktop/classes/image processing/Image-Processing-Projects/Anthony/CS470.skel/gui_src/ErrDiffusion.h"; sourceTree = "<absolute>"; };
		4F30D7BE181CC9D06371DE15 /* QtPrintSupport.framework */ = {isa = PBXFileReference; lastKnownFileType = wrapper.framework; name = QtPrintSupport.framework; path = /Users/anthony/Qt5.12.4/5.12.4/clang_64/lib/QtPrintSupport.framework; sourceTree = "<absolute>"; };
		51684397483550748D681926 /* Filter.h */ = {isa = PBXFileReference; lastKnownFileType = sourcecode.c.h; name = Filter.h; path = "/Users/anthony/Desktop/classes/image processing/Image-Processing-Projects/Anthony/CS470.skel/gui_src/Filter.h"; sourceTree = "<absolute>"; };
		51A6C35455D6A5CA7E5589BB /* Blur.cpp */ = {isa = PBXFileReference; lastKnownFileType = sourcecode.cpp.cpp; name = Blur.cpp; path = "/Users/anthony/Desktop/classes/image processing/Image-Processing-Projects/Anthony/CS470.skel/gui_src/Blur.cpp"; sourceTree = "<absolute>"; };
		5535F8B546EA5CEE24D04AEB /* Gamma.h */ = {isa = PBXFileReference; lastKnownFileType = sourcecode.c.h; name = Gamma.h; path = "/Users/anthony/Desktop/classes/image processing/Image-Processing-Projects/Anthony/CS470.skel/gui_src/Gamma.h"; sourceTree = "<absolute>"; };
		570A9B60EA3853AF3513B549 /* Resize.cpp */ = {isa = PBXFileReference; lastKnownFileType = sourcecode.cpp.cpp; name = Resize.cpp; path = "/Users/anthony/Desktop/classes/image processing/Image-Processing-Projects/Anthony/CS470.skel/gui_src/Resize.cpp"; sourceTree = "<absolute>"; };
		5829A6BB435942098D93C114 /* HistoStretch.h */ = {isa = PBXFileReference; lastKnownFileType = sourcecode.c.h; name = HistoStretch.h; path = "/Users/anthony/Desktop/classes/image processing/Image-Processing-Projects/Anthony/CS470.skel/gui_src/HistoStretch.h"; sourceTree = "<absolute>"; };
		5842490B2C953BE4BED4A22F /* Sharpen.cpp */ = {isa = PBXFileReference; lastKnownFileType = sourcecode.cpp.cpp; name = Sharpen.cpp; path = "/Users/anthony/Desktop/classes/image processing/Image-Processing-Projects/Anthony/CS470.skel/gui_src/Sharpen.cpp"; sourceTree = "<absolute>"; };
		596BB6381CA5505602AD0F91 /* HW_histoMatch.cpp */ = {isa = PBXFileReference; lastKnownFileType = sourcecode.cpp.cpp; name = HW_histoMatch.cpp; path = "/Users/anthony/Desktop/classes/image processing/Image-Processing-Projects/Anthony/CS470.skel/hw1/HW_histoMatch.cpp"; sourceTree = "<absolute>"; };
		5ABD45F97DE1756D505A7C11 /* moc_Blur.cpp */ = {isa = PBXFileReference; lastKnownFileType = sourcecode.cpp.cpp; name = moc_Blur.cpp; path = "/Users/anthony/Desktop/classes/image processing/Image-Processing-Projects/Anthony/CS470.skel/moc_Blur.cpp"; sourceTree = "<absolute>"; };
		5AE7B042A00FE5CF61ACB572 /* moc_HistoMatch.cpp */ = {isa = PBXFileReference; lastKnownFileType = sourcecode.cpp.cpp; name = moc_HistoMatch.cpp; path = "/Users/anthony/Desktop/classes/image processing/Image-Processing-Projects/Anthony/CS470.skel/moc_HistoMatch.cpp"; sourceTree = "<absolute>"; };
		5DE108607E17DD148A7FA7ED /* moc_MainWindow.cpp */ = {isa = PBXFileReference; lastKnownFileType = sourcecode.cpp.cpp; name = moc_MainWindow.cpp; path = "/Users/anthony/Desktop/classes/image processing/Image-Processing-Projects/Anthony/CS470.skel/moc_MainWindow.cpp"; sourceTree = "<absolute>"; };
		64AA619B73122D51D948145C /* Clip.h */ = {isa = PBXFileReference; lastKnownFileType = sourcecode.c.h; name = Clip.h; path = "/Users/anthony/Desktop/classes/image processing/Image-Processing-Projects/Anthony/CS470.skel/gui_src/Clip.h"; sourceTree = "<absolute>"; };
		71DF1E64C4BEA43BBA3B81B8 /* QtWidgets.framework */ = {isa = PBXFileReference; lastKnownFileType = wrapper.framework; name = QtWidgets.framework; path = /Users/anthony/Qt5.12.4/5.12.4/clang_64/lib/QtWidgets.framework; sourceTree = "<absolute>"; };
		767879AD862B98AC84AA1A98 /* MainWindow.cpp */ = {isa = PBXFileReference; lastKnownFileType = sourcecode.cpp.cpp; name = MainWindow.cpp; path = "/Users/anthony/Desktop/classes/image processing/Image-Processing-Projects/Anthony/CS470.skel/gui_src/MainWindow.cpp"; sourceTree = "<absolute>"; };
		77AE36125B155E8C2DDC995D /* moc_Gamma.cpp */ = {isa = PBXFileReference; lastKnownFileType = sourcecode.cpp.cpp; name = moc_Gamma.cpp; path = "/Users/anthony/Desktop/classes/image processing/Image-Processing-Projects/Anthony/CS470.skel/moc_Gamma.cpp"; sourceTree = "<absolute>"; };
		8535FF45C2142779743117FE /* HW_clip.cpp */ = {isa = PBXFileReference; lastKnownFileType = sourcecode.cpp.cpp; name = HW_clip.cpp; path = "/Users/anthony/Desktop/classes/image processing/Image-Processing-Projects/Anthony/CS470.skel/hw1/HW_clip.cpp"; sourceTree = "<absolute>"; };
		85DF245F3312B08783011511 /* Gamma.cpp */ = {isa = PBXFileReference; lastKnownFileType = sourcecode.cpp.cpp; name = Gamma.cpp; path = "/Users/anthony/Desktop/classes/image processing/Image-Processing-Projects/Anthony/CS470.skel/gui_src/Gamma.cpp"; sourceTree = "<absolute>"; };
		879B69184E3924F6AF44CAA5 /* moc_Quantize.cpp */ = {isa = PBXFileReference; lastKnownFileType = sourcecode.cpp.cpp; name = moc_Quantize.cpp; path = "/Users/anthony/Desktop/classes/image processing/Image-Processing-Projects/Anthony/CS470.skel/moc_Quantize.cpp"; sourceTree = "<absolute>"; };
		885F2F194A940BAE7AB70E8C /* HistoMatch.h */ = {isa = PBXFileReference; lastKnownFileType = sourcecode.c.h; name = HistoMatch.h; path = "/Users/anthony/Desktop/classes/image processing/Image-Processing-Projects/Anthony/CS470.skel/gui_src/HistoMatch.h"; sourceTree = "<absolute>"; };
		892A03B9D1AF0F5745DA9D71 /* Spectrum.h */ = {isa = PBXFileReference; lastKnownFileType = sourcecode.c.h; name = Spectrum.h; path = "/Users/anthony/Desktop/classes/image processing/Image-Processing-Projects/Anthony/CS470.skel/gui_src/Spectrum.h"; sourceTree = "<absolute>"; };
		8B9DA0C5652A1138877FB42D /* MainWindow.h */ = {isa = PBXFileReference; lastKnownFileType = sourcecode.c.h; name = MainWindow.h; path = "/Users/anthony/Desktop/classes/image processing/Image-Processing-Projects/Anthony/CS470.skel/gui_src/MainWindow.h"; sourceTree = "<absolute>"; };
		8D76DFC93A62C84BCE709516 /* ImageFilter.h */ = {isa = PBXFileReference; lastKnownFileType = sourcecode.c.h; name = ImageFilter.h; path = "/Users/anthony/Desktop/classes/image processing/Image-Processing-Projects/Anthony/CS470.skel/gui_src/ImageFilter.h"; sourceTree = "<absolute>"; };
		8D9815BDB5BD9F90D2BC05C5 /* AGL.framework */ = {isa = PBXFileReference; lastKnownFileType = wrapper.framework; name = AGL.framework; path = /System/Library/Frameworks/AGL.framework; sourceTree = "<absolute>"; };
		8EE1A0C29FF58B5B8A841976 /* Median.cpp */ = {isa = PBXFileReference; lastKnownFileType = sourcecode.cpp.cpp; name = Median.cpp; path = "/Users/anthony/Desktop/classes/image processing/Image-Processing-Projects/Anthony/CS470.skel/gui_src/Median.cpp"; sourceTree = "<absolute>"; };
		90DD4130C822461D2E520C24 /* Contrast.cpp */ = {isa = PBXFileReference; lastKnownFileType = sourcecode.cpp.cpp; name = Contrast.cpp; path = "/Users/anthony/Desktop/classes/image processing/Image-Processing-Projects/Anthony/CS470.skel/gui_src/Contrast.cpp"; sourceTree = "<absolute>"; };
		9193EC2E980419E3FC9A7DED /* SwapPhase.cpp */ = {isa = PBXFileReference; lastKnownFileType = sourcecode.cpp.cpp; name = SwapPhase.cpp; path = "/Users/anthony/Desktop/classes/image processing/Image-Processing-Projects/Anthony/CS470.skel/gui_src/SwapPhase.cpp"; sourceTree = "<absolute>"; };
		926E9F27238A5203008F6275 /* dft1D.c */ = {isa = PBXFileReference; lastKnownFileType = sourcecode.c.c; name = dft1D.c; path = hw3/dft1D.c; sourceTree = "<group>"; };
		9289CD2840385962FB156E5F /* moc_Median.cpp */ = {isa = PBXFileReference; lastKnownFileType = sourcecode.cpp.cpp; name = moc_Median.cpp; path = "/Users/anthony/Desktop/classes/image processing/Image-Processing-Projects/Anthony/CS470.skel/moc_Median.cpp"; sourceTree = "<absolute>"; };
		942567D1D2F8CD1D286E316B /* Convolve.h */ = {isa = PBXFileReference; lastKnownFileType = sourcecode.c.h; name = Convolve.h; path = "/Users/anthony/Desktop/classes/image processing/Image-Processing-Projects/Anthony/CS470.skel/gui_src/Convolve.h"; sourceTree = "<absolute>"; };
		9832CA433DA48B127762C6ED /* QtCore.framework */ = {isa = PBXFileReference; lastKnownFileType = wrapper.framework; name = QtCore.framework; path = /Users/anthony/Qt5.12.4/5.12.4/clang_64/lib/QtCore.framework; sourceTree = "<absolute>"; };
		9D77D929067C8E0DC4529E91 /* moc_qcustomplot.cpp */ = {isa = PBXFileReference; lastKnownFileType = sourcecode.cpp.cpp; name = moc_qcustomplot.cpp; path = "/Users/anthony/Desktop/classes/image processing/Image-Processing-Projects/Anthony/CS470.skel/moc_qcustomplot.cpp"; sourceTree = "<absolute>"; };
		9EA100EA7639C3FA1FF660D6 /* qcustomplot.cpp */ = {isa = PBXFileReference; lastKnownFileType = sourcecode.cpp.cpp; name = qcustomplot.cpp; path = "/Users/anthony/Desktop/classes/image processing/Image-Processing-Projects/Anthony/CS470.skel/gui_src/qcustomplot.cpp"; sourceTree = "<absolute>"; };
		A118AF2C48C9D61F56220448 /* HW_gamma.cpp */ = {isa = PBXFileReference; lastKnownFileType = sourcecode.cpp.cpp; name = HW_gamma.cpp; path = "/Users/anthony/Desktop/classes/image processing/Image-Processing-Projects/Anthony/CS470.skel/hw1/HW_gamma.cpp"; sourceTree = "<absolute>"; };
		A1A67BEAA744704B29168D39 /* IOKit.framework */ = {isa = PBXFileReference; lastKnownFileType = wrapper.framework; name = IOKit.framework; path = /System/Library/Frameworks/IOKit.framework; sourceTree = "<absolute>"; };
		A4D8DF50E2AC2E41AAFB2914 /* QtGui.framework */ = {isa = PBXFileReference; lastKnownFileType = wrapper.framework; name = QtGui.framework; path = /Users/anthony/Qt5.12.4/5.12.4/clang_64/lib/QtGui.framework; sourceTree = "<absolute>"; };
		A686C5B4C181977C6D7DE021 /* CS470_common.pro */ = {isa = PBXFileReference; lastKnownFileType = text; name = CS470_common.pro; path = "/Users/anthony/Desktop/classes/image processing/Image-Processing-Projects/Anthony/CS470.skel/CS470_common.pro"; sourceTree = "<absolute>"; };
		A688C4B4AAFD5574EEA9FD13 /* moc_Convolve.cpp */ = {isa = PBXFileReference; lastKnownFileType = sourcecode.cpp.cpp; name = moc_Convolve.cpp; path = "/Users/anthony/Desktop/classes/image processing/Image-Processing-Projects/Anthony/CS470.skel/moc_Convolve.cpp"; sourceTree = "<absolute>"; };
		A924E3CE6968F98EF52A77C1 /* ImageFilter.cpp */ = {isa = PBXFileReference; lastKnownFileType = sourcecode.cpp.cpp; name = ImageFilter.cpp; path = "/Users/anthony/Desktop/classes/image processing/Image-Processing-Projects/Anthony/CS470.skel/gui_src/ImageFilter.cpp"; sourceTree = "<absolute>"; };
		AE92EAE9C6E4EBE2364825A6 /* main.cpp */ = {isa = PBXFileReference; lastKnownFileType = sourcecode.cpp.cpp; name = main.cpp; path = "/Users/anthony/Desktop/classes/image processing/Image-Processing-Projects/Anthony/CS470.skel/gui_src/main.cpp"; sourceTree = "<absolute>"; };
		B1561B703764C11C9E728CF6 /* HW_errDiffusion.cpp */ = {isa = PBXFileReference; lastKnownFileType = sourcecode.cpp.cpp; name = HW_errDiffusion.cpp; path = "/Users/anthony/Desktop/classes/image processing/Image-Processing-Projects/Anthony/CS470.skel/hw2/HW_errDiffusion.cpp"; sourceTree = "<absolute>"; };
		B6DF971488751E6B8E89BE2D /* HW_histoStretch.cpp */ = {isa = PBXFileReference; lastKnownFileType = sourcecode.cpp.cpp; name = HW_histoStretch.cpp; path = "/Users/anthony/Desktop/classes/image processing/Image-Processing-Projects/Anthony/CS470.skel/hw1/HW_histoStretch.cpp"; sourceTree = "<absolute>"; };
		B9C1610A530F737CADABE61D /* Median.h */ = {isa = PBXFileReference; lastKnownFileType = sourcecode.c.h; name = Median.h; path = "/Users/anthony/Desktop/classes/image processing/Image-Processing-Projects/Anthony/CS470.skel/gui_src/Median.h"; sourceTree = "<absolute>"; };
		BA46467EBFFE7DA479396CB0 /* HW_quantize.cpp */ = {isa = PBXFileReference; lastKnownFileType = sourcecode.cpp.cpp; name = HW_quantize.cpp; path = "/Users/anthony/Desktop/classes/image processing/Image-Processing-Projects/Anthony/CS470.skel/hw1/HW_quantize.cpp"; sourceTree = "<absolute>"; };
		BDA41F5992A8A6F6C37B7F1B /* GLWidget.cpp */ = {isa = PBXFileReference; lastKnownFileType = sourcecode.cpp.cpp; name = GLWidget.cpp; path = "/Users/anthony/Desktop/classes/image processing/Image-Processing-Projects/Anthony/CS470.skel/gui_src/GLWidget.cpp"; sourceTree = "<absolute>"; };
		BE548C0F8D4236A049A08536 /* moc_SwapPhase.cpp */ = {isa = PBXFileReference; lastKnownFileType = sourcecode.cpp.cpp; name = moc_SwapPhase.cpp; path = "/Users/anthony/Desktop/classes/image processing/Image-Processing-Projects/Anthony/CS470.skel/moc_SwapPhase.cpp"; sourceTree = "<absolute>"; };
		BFA2E81CE29FF54F27169403 /* qcustomplot.h */ = {isa = PBXFileReference; lastKnownFileType = sourcecode.c.h; name = qcustomplot.h; path = "/Users/anthony/Desktop/classes/image processing/Image-Processing-Projects/Anthony/CS470.skel/gui_src/qcustomplot.h"; sourceTree = "<absolute>"; };
		C1860592B471FF7A51A786EA /* HW_threshold.cpp */ = {isa = PBXFileReference; lastKnownFileType = sourcecode.cpp.cpp; name = HW_threshold.cpp; path = "/Users/anthony/Desktop/classes/image processing/Image-Processing-Projects/Anthony/CS470.skel/hw1/HW_threshold.cpp"; sourceTree = "<absolute>"; };
		C40D5FE82FA5739F64AC4DAC /* moc_Sharpen.cpp */ = {isa = PBXFileReference; lastKnownFileType = sourcecode.cpp.cpp; name = moc_Sharpen.cpp; path = "/Users/anthony/Desktop/classes/image processing/Image-Processing-Projects/Anthony/CS470.skel/moc_Sharpen.cpp"; sourceTree = "<absolute>"; };
		C4CA8D8498E5CF823D00873B /* Clip.cpp */ = {isa = PBXFileReference; lastKnownFileType = sourcecode.cpp.cpp; name = Clip.cpp; path = "/Users/anthony/Desktop/classes/image processing/Image-Processing-Projects/Anthony/CS470.skel/gui_src/Clip.cpp"; sourceTree = "<absolute>"; };
		C54F9AA092ED99F9770C0A89 /* HW_median.cpp */ = {isa = PBXFileReference; lastKnownFileType = sourcecode.cpp.cpp; name = HW_median.cpp; path = "/Users/anthony/Desktop/classes/image processing/Image-Processing-Projects/Anthony/CS470.skel/hw2/HW_median.cpp"; sourceTree = "<absolute>"; };
		C8A3A06BC1A74385617DA4A4 /* HW_blur.cpp */ = {isa = PBXFileReference; lastKnownFileType = sourcecode.cpp.cpp; name = HW_blur.cpp; path = "/Users/anthony/Desktop/classes/image processing/Image-Processing-Projects/Anthony/CS470.skel/hw2/HW_blur.cpp"; sourceTree = "<absolute>"; };
		C8C4149B7DA4721ECD38B876 /* moc_Threshold.cpp */ = {isa = PBXFileReference; lastKnownFileType = sourcecode.cpp.cpp; name = moc_Threshold.cpp; path = "/Users/anthony/Desktop/classes/image processing/Image-Processing-Projects/Anthony/CS470.skel/moc_Threshold.cpp"; sourceTree = "<absolute>"; };
		C8C500A9154A95B5483E6A87 /* Sharpen.h */ = {isa = PBXFileReference; lastKnownFileType = sourcecode.c.h; name = Sharpen.h; path = "/Users/anthony/Desktop/classes/image processing/Image-Processing-Projects/Anthony/CS470.skel/gui_src/Sharpen.h"; sourceTree = "<absolute>"; };
		C9DA58ABDE0649AB63B8FBEF /* moc_Dummy.cpp */ = {isa = PBXFileReference; lastKnownFileType = sourcecode.cpp.cpp; name = moc_Dummy.cpp; path = "/Users/anthony/Desktop/classes/image processing/Image-Processing-Projects/Anthony/CS470.skel/moc_Dummy.cpp"; sourceTree = "<absolute>"; };
		CA7D33EEB05CD8E8CE7B66F6 /* moc_Contrast.cpp */ = {isa = PBXFileReference; lastKnownFileType = sourcecode.cpp.cpp; name = moc_Contrast.cpp; path = "/Users/anthony/Desktop/classes/image processing/Image-Processing-Projects/Anthony/CS470.skel/moc_Contrast.cpp"; sourceTree = "<absolute>"; };
		CBBD591A3F95B011AD055608 /* Threshold.h */ = {isa = PBXFileReference; lastKnownFileType = sourcecode.c.h; name = Threshold.h; path = "/Users/anthony/Desktop/classes/image processing/Image-Processing-Projects/Anthony/CS470.skel/gui_src/Threshold.h"; sourceTree = "<absolute>"; };
		D0CC2655131832302315C766 /* HW_resize.cpp */ = {isa = PBXFileReference; lastKnownFileType = sourcecode.cpp.cpp; name = HW_resize.cpp; path = "/Users/anthony/Desktop/classes/image processing/Image-Processing-Projects/Anthony/CS470.skel/hw4/HW_resize.cpp"; sourceTree = "<absolute>"; };
		D2A317810814D7E91213BCF3 /* moc_Resize.cpp */ = {isa = PBXFileReference; lastKnownFileType = sourcecode.cpp.cpp; name = moc_Resize.cpp; path = "/Users/anthony/Desktop/classes/image processing/Image-Processing-Projects/Anthony/CS470.skel/moc_Resize.cpp"; sourceTree = "<absolute>"; };
		D4B32C2222F82AC56BADEB21 /* OpenGL.framework */ = {isa = PBXFileReference; lastKnownFileType = wrapper.framework; name = OpenGL.framework; path = /System/Library/Frameworks/OpenGL.framework; sourceTree = "<absolute>"; };
		D8B7D7621D7A2A8065D9AF13 /* Dummy.cpp */ = {isa = PBXFileReference; lastKnownFileType = sourcecode.cpp.cpp; name = Dummy.cpp; path = "/Users/anthony/Desktop/classes/image processing/Image-Processing-Projects/Anthony/CS470.skel/gui_src/Dummy.cpp"; sourceTree = "<absolute>"; };
		DC6267F5EFC1E7F5E844E089 /* CS470.icns */ = {isa = PBXFileReference; lastKnownFileType = image.icns; name = CS470.icns; path = "/Users/anthony/Desktop/classes/image processing/Image-Processing-Projects/Anthony/CS470.skel/CS470.icns"; sourceTree = "<absolute>"; };
		DD865A69B98702DE589E829D /* moc_ErrDiffusion.cpp */ = {isa = PBXFileReference; lastKnownFileType = sourcecode.cpp.cpp; name = moc_ErrDiffusion.cpp; path = "/Users/anthony/Desktop/classes/image processing/Image-Processing-Projects/Anthony/CS470.skel/moc_ErrDiffusion.cpp"; sourceTree = "<absolute>"; };
		E09B06C997B36E25B813AD0B /* moc_Filter.cpp */ = {isa = PBXFileReference; lastKnownFileType = sourcecode.cpp.cpp; name = moc_Filter.cpp; path = "/Users/anthony/Desktop/classes/image processing/Image-Processing-Projects/Anthony/CS470.skel/moc_Filter.cpp"; sourceTree = "<absolute>"; };
		E107926C51F93AA888497644 /* HW_utils.cpp */ = {isa = PBXFileReference; lastKnownFileType = sourcecode.cpp.cpp; name = HW_utils.cpp; path = "/Users/anthony/Desktop/classes/image processing/Image-Processing-Projects/Anthony/CS470.skel/hw3/HW_utils.cpp"; sourceTree = "<absolute>"; };
		E352DE46B959EA3CEED1F1B9 /* Convolve.cpp */ = {isa = PBXFileReference; lastKnownFileType = sourcecode.cpp.cpp; name = Convolve.cpp; path = "/Users/anthony/Desktop/classes/image processing/Image-Processing-Projects/Anthony/CS470.skel/gui_src/Convolve.cpp"; sourceTree = "<absolute>"; };
		E56A0557688A4652A073304D /* Quantize.h */ = {isa = PBXFileReference; lastKnownFileType = sourcecode.c.h; name = Quantize.h; path = "/Users/anthony/Desktop/classes/image processing/Image-Processing-Projects/Anthony/CS470.skel/gui_src/Quantize.h"; sourceTree = "<absolute>"; };
		E7F40FDEB45184BC77882D96 /* Filter.cpp */ = {isa = PBXFileReference; lastKnownFileType = sourcecode.cpp.cpp; name = Filter.cpp; path = "/Users/anthony/Desktop/classes/image processing/Image-Processing-Projects/Anthony/CS470.skel/gui_src/Filter.cpp"; sourceTree = "<absolute>"; };
		E8E5158C8D694B2A81C66C53 /* CS470.pro */ = {isa = PBXFileReference; lastKnownFileType = text; name = CS470.pro; path = "/Users/anthony/Desktop/classes/image processing/Image-Processing-Projects/Anthony/CS470.skel/CS470.pro"; sourceTree = "<absolute>"; };
		F46C04D8761AE71BC82BB16A /* dummy.cpp */ = {isa = PBXFileReference; lastKnownFileType = sourcecode.cpp.cpp; name = dummy.cpp; path = /Users/anthony/Qt5.12.4/5.12.4/clang_64/mkspecs/features/data/dummy.cpp; sourceTree = "<absolute>"; };
		F695839068F717ACFE68FE23 /* IP */ = {isa = PBXFileReference; lastKnownFileType = archive.ar; name = IP; path = "/Users/anthony/Desktop/classes/image processing/Image-Processing-Projects/Anthony/CS470.skel/IP/mac/lib/libIP.a"; sourceTree = "<absolute>"; };
/* End PBXFileReference section */

/* Begin PBXFrameworksBuildPhase section */
		D1C883685E82D5676953459A /* Link Binary With Libraries */ = {
			isa = PBXFrameworksBuildPhase;
			buildActionMask = 2147483647;
			files = (
				72DD774D030E3CD7FC493C03 /* IP in Link Binary With Libraries */,
				BC63B8ADD1E108684156A29C /* QtPrintSupport.framework in Link Binary With Libraries */,
				B43D514B41B4D07EA140B772 /* QtOpenGL.framework in Link Binary With Libraries */,
				3E7C65668311DB465D12FE5D /* QtWidgets.framework in Link Binary With Libraries */,
				B3FCA2ACCDF345F364E8E064 /* QtGui.framework in Link Binary With Libraries */,
				765C4F4262624DDF551FBF88 /* QtCore.framework in Link Binary With Libraries */,
				A99B2AA0F9CBBDD12BA126A4 /* DiskArbitration.framework in Link Binary With Libraries */,
				8D267F2E4776F0ECA2F49DC8 /* IOKit.framework in Link Binary With Libraries */,
				8771A8C96E9C391044035D99 /* OpenGL.framework in Link Binary With Libraries */,
				E45E51A644D5FC9F942ECE55 /* AGL.framework in Link Binary With Libraries */,
			);
			name = "Link Binary With Libraries";
			runOnlyForDeploymentPostprocessing = 0;
		};
/* End PBXFrameworksBuildPhase section */

/* Begin PBXGroup section */
		0A31DA8FFB6A3F21532CA67A /* hw3 */ = {
			isa = PBXGroup;
			children = (
				2BC12EB2CB208FEF9EBF18ED /* HW_filter.cpp */,
				313060B1E37B2B704E936CCE /* HW_spectrum.cpp */,
				3DFE1915513D9BD0D74C633F /* HW_swapPhase.cpp */,
				E107926C51F93AA888497644 /* HW_utils.cpp */,
				926E9F27238A5203008F6275 /* dft1D.c */,
			);
			name = hw3;
			sourceTree = "<group>";
		};
		1F106A4B8472C49F10353A3C /* gui_src */ = {
			isa = PBXGroup;
			children = (
				AE92EAE9C6E4EBE2364825A6 /* main.cpp */,
				767879AD862B98AC84AA1A98 /* MainWindow.cpp */,
				A924E3CE6968F98EF52A77C1 /* ImageFilter.cpp */,
				9EA100EA7639C3FA1FF660D6 /* qcustomplot.cpp */,
				D8B7D7621D7A2A8065D9AF13 /* Dummy.cpp */,
				13233516C9117038D21BB1DD /* Threshold.cpp */,
				C4CA8D8498E5CF823D00873B /* Clip.cpp */,
				304D62EEC93AEA9E4C99984F /* Quantize.cpp */,
				85DF245F3312B08783011511 /* Gamma.cpp */,
				90DD4130C822461D2E520C24 /* Contrast.cpp */,
				307CA90A85665FF31F9C99D5 /* HistoStretch.cpp */,
				31CA42132AF86F6A206F1302 /* HistoMatch.cpp */,
				4887ED1FAAA093B285D9239E /* ErrDiffusion.cpp */,
				51A6C35455D6A5CA7E5589BB /* Blur.cpp */,
				5842490B2C953BE4BED4A22F /* Sharpen.cpp */,
				8EE1A0C29FF58B5B8A841976 /* Median.cpp */,
				BDA41F5992A8A6F6C37B7F1B /* GLWidget.cpp */,
				E352DE46B959EA3CEED1F1B9 /* Convolve.cpp */,
				33D3C91C5AE3A4B272FFB01B /* Spectrum.cpp */,
				9193EC2E980419E3FC9A7DED /* SwapPhase.cpp */,
				E7F40FDEB45184BC77882D96 /* Filter.cpp */,
				570A9B60EA3853AF3513B549 /* Resize.cpp */,
				8B9DA0C5652A1138877FB42D /* MainWindow.h */,
				8D76DFC93A62C84BCE709516 /* ImageFilter.h */,
				BFA2E81CE29FF54F27169403 /* qcustomplot.h */,
				336FE3E3237A0488A713A054 /* Dummy.h */,
				CBBD591A3F95B011AD055608 /* Threshold.h */,
				64AA619B73122D51D948145C /* Clip.h */,
				E56A0557688A4652A073304D /* Quantize.h */,
				5535F8B546EA5CEE24D04AEB /* Gamma.h */,
				1D24AE062A957B7F785C82ED /* Contrast.h */,
				5829A6BB435942098D93C114 /* HistoStretch.h */,
				885F2F194A940BAE7AB70E8C /* HistoMatch.h */,
				4E340A2D776A33634A86AF9F /* ErrDiffusion.h */,
				36060C487272D594263728BC /* Blur.h */,
				C8C500A9154A95B5483E6A87 /* Sharpen.h */,
				B9C1610A530F737CADABE61D /* Median.h */,
				146CEFE02484620535915BC0 /* GLWidget.h */,
				942567D1D2F8CD1D286E316B /* Convolve.h */,
				892A03B9D1AF0F5745DA9D71 /* Spectrum.h */,
				4CC68662774D486605486B5C /* SwapPhase.h */,
				51684397483550748D681926 /* Filter.h */,
				3DF7E7426AB36086E3BE4945 /* Resize.h */,
			);
			name = gui_src;
			sourceTree = "<group>";
		};
		25B08E2869634E9BCBA333A2 /* Generated Sources */ = {
			isa = PBXGroup;
			children = (
				2B44DEF178FA74DF6A242941 /* qrc_CS470.cpp */,
				5DE108607E17DD148A7FA7ED /* moc_MainWindow.cpp */,
				9D77D929067C8E0DC4529E91 /* moc_qcustomplot.cpp */,
				C9DA58ABDE0649AB63B8FBEF /* moc_Dummy.cpp */,
				C8C4149B7DA4721ECD38B876 /* moc_Threshold.cpp */,
				0CFF9ABE8AFC49F1572DD049 /* moc_Clip.cpp */,
				879B69184E3924F6AF44CAA5 /* moc_Quantize.cpp */,
				77AE36125B155E8C2DDC995D /* moc_Gamma.cpp */,
				CA7D33EEB05CD8E8CE7B66F6 /* moc_Contrast.cpp */,
				437F72AABF693E1150EF1A22 /* moc_HistoStretch.cpp */,
				5AE7B042A00FE5CF61ACB572 /* moc_HistoMatch.cpp */,
				DD865A69B98702DE589E829D /* moc_ErrDiffusion.cpp */,
				5ABD45F97DE1756D505A7C11 /* moc_Blur.cpp */,
				C40D5FE82FA5739F64AC4DAC /* moc_Sharpen.cpp */,
				9289CD2840385962FB156E5F /* moc_Median.cpp */,
				A688C4B4AAFD5574EEA9FD13 /* moc_Convolve.cpp */,
				4CBA78E7704E365545C6D838 /* moc_Spectrum.cpp */,
				BE548C0F8D4236A049A08536 /* moc_SwapPhase.cpp */,
				E09B06C997B36E25B813AD0B /* moc_Filter.cpp */,
				D2A317810814D7E91213BCF3 /* moc_Resize.cpp */,
			);
			name = "Generated Sources";
			sourceTree = "<group>";
		};
		2EB56BE3C2D93CDAB0C52E67 /* Sources */ = {
			isa = PBXGroup;
			children = (
				1F106A4B8472C49F10353A3C /* gui_src */,
				3C77C658827F4A07ABF9D58B /* hw1 */,
				8D1A7173215F622A1D3A66B1 /* hw2 */,
				0A31DA8FFB6A3F21532CA67A /* hw3 */,
				98958E24D2033CDCEC7E42CF /* hw4 */,
				DC6267F5EFC1E7F5E844E089 /* CS470.icns */,
			);
			name = Sources;
			sourceTree = "<group>";
		};
		3C77C658827F4A07ABF9D58B /* hw1 */ = {
			isa = PBXGroup;
			children = (
				8535FF45C2142779743117FE /* HW_clip.cpp */,
				4C350CBD4FA1ECDA7643CF3A /* HW_contrast.cpp */,
				A118AF2C48C9D61F56220448 /* HW_gamma.cpp */,
				596BB6381CA5505602AD0F91 /* HW_histoMatch.cpp */,
				B6DF971488751E6B8E89BE2D /* HW_histoStretch.cpp */,
				BA46467EBFFE7DA479396CB0 /* HW_quantize.cpp */,
				C1860592B471FF7A51A786EA /* HW_threshold.cpp */,
			);
			name = hw1;
			sourceTree = "<group>";
		};
		74B182DB50CB5611B5C1C297 /* Supporting Files */ = {
			isa = PBXGroup;
			children = (
				E8E5158C8D694B2A81C66C53 /* CS470.pro */,
				A686C5B4C181977C6D7DE021 /* CS470_common.pro */,
			);
			name = "Supporting Files";
			sourceTree = "<group>";
		};
		87DF60DE337FB58864343E39 /* Resources */ = {
			isa = PBXGroup;
			children = (
				2FBA63609268DF76BB3C8C38 /* CS470.qrc */,
			);
			name = Resources;
			sourceTree = "<group>";
		};
		8D1A7173215F622A1D3A66B1 /* hw2 */ = {
			isa = PBXGroup;
			children = (
				C8A3A06BC1A74385617DA4A4 /* HW_blur.cpp */,
				260708EEBA1428AF2FE91F59 /* HW_convolve.cpp */,
				B1561B703764C11C9E728CF6 /* HW_errDiffusion.cpp */,
				C54F9AA092ED99F9770C0A89 /* HW_median.cpp */,
				003B9709E4FB13067D812260 /* HW_sharpen.cpp */,
			);
			name = hw2;
			sourceTree = "<group>";
		};
		98958E24D2033CDCEC7E42CF /* hw4 */ = {
			isa = PBXGroup;
			children = (
				D0CC2655131832302315C766 /* HW_resize.cpp */,
			);
			name = hw4;
			sourceTree = "<group>";
		};
		AF39DD055C3EF8226FBE929D /* Frameworks */ = {
			isa = PBXGroup;
			children = (
				F695839068F717ACFE68FE23 /* IP */,
				4F30D7BE181CC9D06371DE15 /* QtPrintSupport.framework */,
				1AB5DD82D7639CC4F973F230 /* QtOpenGL.framework */,
				71DF1E64C4BEA43BBA3B81B8 /* QtWidgets.framework */,
				A4D8DF50E2AC2E41AAFB2914 /* QtGui.framework */,
				9832CA433DA48B127762C6ED /* QtCore.framework */,
				2B774D8E4178765CE52EAAF5 /* DiskArbitration.framework */,
				A1A67BEAA744704B29168D39 /* IOKit.framework */,
				D4B32C2222F82AC56BADEB21 /* OpenGL.framework */,
				8D9815BDB5BD9F90D2BC05C5 /* AGL.framework */,
			);
			name = Frameworks;
			sourceTree = "<group>";
		};
		B8254625CFD509ED2A24A166 /* Sources [moc_predefs] */ = {
			isa = PBXGroup;
			children = (
				F46C04D8761AE71BC82BB16A /* dummy.cpp */,
			);
			name = "Sources [moc_predefs]";
			sourceTree = "<group>";
		};
		E8C543AB96796ECAA2E65C57 /* CS470_HW */ = {
			isa = PBXGroup;
			children = (
				2EB56BE3C2D93CDAB0C52E67 /* Sources */,
				25B08E2869634E9BCBA333A2 /* Generated Sources */,
				87DF60DE337FB58864343E39 /* Resources */,
				B8254625CFD509ED2A24A166 /* Sources [moc_predefs] */,
				74B182DB50CB5611B5C1C297 /* Supporting Files */,
				AF39DD055C3EF8226FBE929D /* Frameworks */,
				FE0A091FDBFB3E9C31B7A1BD /* Products */,
			);
			name = CS470_HW;
			sourceTree = "<group>";
		};
		FE0A091FDBFB3E9C31B7A1BD /* Products */ = {
			isa = PBXGroup;
			children = (
				43FE76B4F1DC5AF8B48E3363 /* CS470_HW.app */,
			);
			name = Products;
			sourceTree = "<group>";
		};
/* End PBXGroup section */

/* Begin PBXNativeTarget section */
		9F0C3813B3CD2DA29288F909 /* CS470_HW */ = {
			isa = PBXNativeTarget;
			buildConfigurationList = 6CC3B5D2136C7CD6A5CF5A59 /* Build configuration list for PBXNativeTarget "CS470_HW" */;
			buildPhases = (
				F7E50F631C51CD5B5DC0BC43 /* Compile Sources */,
				D1C883685E82D5676953459A /* Link Binary With Libraries */,
				30414803F31797EB689AE508 /* Copy Bundle Resources */,
				99542592E9780B9225F24AA8 /* Embed Frameworks */,
			);
			buildRules = (
			);
			dependencies = (
				71AC079553AB743BFCAC12B9 /* PBXTargetDependency */,
			);
			name = CS470_HW;
			productName = CS470_HW;
			productReference = 43FE76B4F1DC5AF8B48E3363 /* CS470_HW.app */;
			productType = "com.apple.product-type.application";
		};
/* End PBXNativeTarget section */

/* Begin PBXProject section */
		6DB9C3763D02B1415CD9D565 /* Project object */ = {
			isa = PBXProject;
			attributes = {
			};
			buildConfigurationList = DAC4C1AA5EDEA1C85E9CA5E6 /* Build configuration list for PBXProject "CS470_HW" */;
			compatibilityVersion = "Xcode 3.2";
			developmentRegion = en;
			hasScannedForEncodings = 1;
			knownRegions = (
				en,
				Base,
			);
			mainGroup = E8C543AB96796ECAA2E65C57 /* CS470_HW */;
			productRefGroup = FE0A091FDBFB3E9C31B7A1BD /* Products */;
			projectDirPath = "";
			projectRoot = "";
			targets = (
				9F0C3813B3CD2DA29288F909 /* CS470_HW */,
				2EC00E9BFD4F130A61CF5EDF /* Qt Preprocess */,
			);
		};
/* End PBXProject section */

/* Begin PBXResourcesBuildPhase section */
		30414803F31797EB689AE508 /* Copy Bundle Resources */ = {
			isa = PBXResourcesBuildPhase;
			buildActionMask = 2147483647;
			files = (
			);
			name = "Copy Bundle Resources";
			runOnlyForDeploymentPostprocessing = 0;
		};
/* End PBXResourcesBuildPhase section */

/* Begin PBXShellScriptBuildPhase section */
		5E618435888B9D49F8540165 /* Qt Qmake */ = {
			isa = PBXShellScriptBuildPhase;
			buildActionMask = 2147483647;
			files = (
			);
			name = "Qt Qmake";
			runOnlyForDeploymentPostprocessing = 0;
			shellPath = /bin/sh;
			shellScript = "make -C '/Users/anthony/Desktop/classes/image processing/Image-Processing-Projects/Anthony/CS470.skel' -f CS470_HW.xcodeproj/qt_makeqmake.mak";
			showEnvVarsInLog = 0;
		};
		7EF0942E79C014DCEC8976BC /* Qt Preprocessors */ = {
			isa = PBXShellScriptBuildPhase;
			buildActionMask = 2147483647;
			files = (
			);
			name = "Qt Preprocessors";
			runOnlyForDeploymentPostprocessing = 0;
			shellPath = /bin/sh;
			shellScript = "make -C '/Users/anthony/Desktop/classes/image processing/Image-Processing-Projects/Anthony/CS470.skel' -f CS470_HW.xcodeproj/qt_preprocess.mak";
			showEnvVarsInLog = 0;
		};
/* End PBXShellScriptBuildPhase section */

/* Begin PBXSourcesBuildPhase section */
		F7E50F631C51CD5B5DC0BC43 /* Compile Sources */ = {
			isa = PBXSourcesBuildPhase;
			buildActionMask = 2147483647;
			files = (
				B7F5022BCFAF09C9572ADF3C /* main.cpp in Compile Sources */,
				B24EB99267193EFDFF759B7C /* MainWindow.cpp in Compile Sources */,
				1D367F0693FF434515FCC536 /* ImageFilter.cpp in Compile Sources */,
				4F18C3031C59C68F9D22E98F /* qcustomplot.cpp in Compile Sources */,
				3F979CD1AE7A82940E8C41C9 /* Dummy.cpp in Compile Sources */,
				84F2FCDAD360ED87EAFFC995 /* Threshold.cpp in Compile Sources */,
				8FA369BEF810653EF37C86CA /* Clip.cpp in Compile Sources */,
				2ED93C2062C20E4DE5E9B5D8 /* Quantize.cpp in Compile Sources */,
				A10BC134F4FA87F2755F9D18 /* Gamma.cpp in Compile Sources */,
				A665F7BAF0DFFF35630B4388 /* Contrast.cpp in Compile Sources */,
				ECB4EE1B91BB21B5EE2944DF /* HistoStretch.cpp in Compile Sources */,
				4CD7EB63843A837BE9CAEBBC /* HistoMatch.cpp in Compile Sources */,
				9BA032A43CBCB99505DCAD9B /* ErrDiffusion.cpp in Compile Sources */,
				C23519B83F628CDCB3E67AA2 /* Blur.cpp in Compile Sources */,
				FE0CD66FA23F56C2E0580A69 /* Sharpen.cpp in Compile Sources */,
				2DA6D61CFBA89381AA0D8D50 /* Median.cpp in Compile Sources */,
				352B4F34241B1BFAA8D55ED4 /* GLWidget.cpp in Compile Sources */,
				ADCAEAC7F85B86E83AD72903 /* Convolve.cpp in Compile Sources */,
				51FEA6907CCCBA094D091ACE /* Spectrum.cpp in Compile Sources */,
				FC40F58008D84C69C78E049D /* SwapPhase.cpp in Compile Sources */,
				4E65843CB5887F44E8340EBB /* Filter.cpp in Compile Sources */,
				A7B2D7BC745C931FCC94562A /* Resize.cpp in Compile Sources */,
				D13FDA75E81931B2827EF81F /* HW_clip.cpp in Compile Sources */,
				A6F1D11E5F8571B8C15B965A /* HW_contrast.cpp in Compile Sources */,
				120FA763A2DBF337CCD79711 /* HW_gamma.cpp in Compile Sources */,
				A77AFAC3040698B67FE5924A /* HW_histoMatch.cpp in Compile Sources */,
				0C201E00EBDC9D4895C26814 /* HW_histoStretch.cpp in Compile Sources */,
				307CE1745616751293298003 /* HW_quantize.cpp in Compile Sources */,
				0135CD8DEE8F52507045A37A /* HW_threshold.cpp in Compile Sources */,
				F0E5D731CC4CC15A59B0BC42 /* HW_blur.cpp in Compile Sources */,
				E74CF7698A42B69121992FB9 /* HW_convolve.cpp in Compile Sources */,
				998AD586E87D10E3F49A0448 /* HW_errDiffusion.cpp in Compile Sources */,
				65EFB7D71823534D9461E44B /* HW_median.cpp in Compile Sources */,
				7B59A8BCAA968576B9C3ABBB /* HW_sharpen.cpp in Compile Sources */,
				1DF65719210D1C5DB80A64AC /* HW_filter.cpp in Compile Sources */,
				4E5BCBA4EBDB06848BE47B04 /* HW_spectrum.cpp in Compile Sources */,
				705653921562AA55AD68E933 /* HW_swapPhase.cpp in Compile Sources */,
				85B78787AE94B2ADA5F22B22 /* HW_utils.cpp in Compile Sources */,
				9518D5E3F2DA8A7410298D00 /* HW_resize.cpp in Compile Sources */,
				4B668407932AFC857C12125B /* qrc_CS470.cpp in Compile Sources */,
				1786F7F0C18D7EB2099CC689 /* moc_MainWindow.cpp in Compile Sources */,
				926E9F28238A5204008F6275 /* dft1D.c in Compile Sources */,
				47FF9339291F37224AE5C352 /* moc_qcustomplot.cpp in Compile Sources */,
				EEC9F5A88EC9274B65273393 /* moc_Dummy.cpp in Compile Sources */,
				D0C1DC3C3016A6E92336FE82 /* moc_Threshold.cpp in Compile Sources */,
				821F2E0E4E42A652BAE4C39F /* moc_Clip.cpp in Compile Sources */,
				A26A47158FF2AF3E849AF9CB /* moc_Quantize.cpp in Compile Sources */,
				36BAE854F33F96998F9C25F5 /* moc_Gamma.cpp in Compile Sources */,
				8D8E7B1E9C049E9D67050426 /* moc_Contrast.cpp in Compile Sources */,
				31CAB2EC241B0C0B5DB9674B /* moc_HistoStretch.cpp in Compile Sources */,
				709D5BC87217E752A2ADDA5F /* moc_HistoMatch.cpp in Compile Sources */,
				BE5761BD6D2D6231B621977B /* moc_ErrDiffusion.cpp in Compile Sources */,
				F6C8EDB5ED1C53749E10EF7D /* moc_Blur.cpp in Compile Sources */,
				B6C46388B5D9AB17C963089A /* moc_Sharpen.cpp in Compile Sources */,
				2215C2F7D97F793B97C76C6D /* moc_Median.cpp in Compile Sources */,
				36E0E654CCAF59B435445683 /* moc_Convolve.cpp in Compile Sources */,
				4E55A137F910B50478077EAD /* moc_Spectrum.cpp in Compile Sources */,
				A94A3CCD98A229DEE3F70744 /* moc_SwapPhase.cpp in Compile Sources */,
				2EDBB841D9D389FA26E48A3E /* moc_Filter.cpp in Compile Sources */,
				522AF2282E7D28699C89F5ED /* moc_Resize.cpp in Compile Sources */,
				5EE0CBB267BADCDA3BFB21C4 /* dummy.cpp in Compile Sources */,
			);
			name = "Compile Sources";
			runOnlyForDeploymentPostprocessing = 0;
		};
/* End PBXSourcesBuildPhase section */

/* Begin PBXTargetDependency section */
		71AC079553AB743BFCAC12B9 /* PBXTargetDependency */ = {
			isa = PBXTargetDependency;
			target = 2EC00E9BFD4F130A61CF5EDF /* Qt Preprocess */;
			targetProxy = 926E9F26238A4274008F6275 /* PBXContainerItemProxy */;
		};
/* End PBXTargetDependency section */

/* Begin XCBuildConfiguration section */
		339EE1B2CC4FC24589A0EA95 /* Release */ = {
			isa = XCBuildConfiguration;
			buildSettings = {
				APPLICATION_EXTENSION_API_ONLY = NO;
				ARCHS = x86_64;
				"ARCHS[sdk=macosx*]" = x86_64;
				CC = /Applications/Xcode.app/Contents/Developer/Toolchains/XcodeDefault.xctoolchain/usr/bin/clang;
				CONFIGURATION_BUILD_DIR = "/Users/anthony/Desktop/classes/image processing/Image-Processing-Projects/Anthony/CS470.skel/$(CONFIGURATION)$(EFFECTIVE_PLATFORM_NAME)";
				COPY_PHASE_STRIP = NO;
				DYLIB_COMPATIBILITY_VERSION = 1.0;
				DYLIB_CURRENT_VERSION = 1.0.0;
				ENABLE_BITCODE = NO;
				FRAMEWORK_SEARCH_PATHS = (
					/Users/anthony/Qt5.12.4/5.12.4/clang_64/lib,
					/Users/anthony/Qt5.12.4/5.12.4/clang_64/lib,
				);
				GCC_VERSION = com.apple.compilers.llvm.clang.1_0;
				HEADER_SEARCH_PATHS = (
					.,
					.,
					IP/header,
					gui_src,
					/Users/anthony/Qt5.12.4/5.12.4/clang_64/lib/QtPrintSupport.framework/Headers,
					/Users/anthony/Qt5.12.4/5.12.4/clang_64/lib/QtOpenGL.framework/Headers,
					/Users/anthony/Qt5.12.4/5.12.4/clang_64/lib/QtWidgets.framework/Headers,
					/Users/anthony/Qt5.12.4/5.12.4/clang_64/lib/QtGui.framework/Headers,
					/Users/anthony/Qt5.12.4/5.12.4/clang_64/lib/QtCore.framework/Headers,
					.,
					/Applications/Xcode.app/Contents/Developer/Platforms/MacOSX.platform/Developer/SDKs/MacOSX10.15.sdk/System/Library/Frameworks/OpenGL.framework/Headers,
					/Applications/Xcode.app/Contents/Developer/Platforms/MacOSX.platform/Developer/SDKs/MacOSX10.15.sdk/System/Library/Frameworks/AGL.framework/Headers,
					"/Users/anthony/Qt5.12.4/5.12.4/clang_64/mkspecs/macx-clang",
				);
				INFOPLIST_FILE = Info.plist;
				LDPLUSPLUS = "/Applications/Xcode.app/Contents/Developer/Toolchains/XcodeDefault.xctoolchain/usr/bin/clang++";
				LIBRARY_SEARCH_PATHS = (
					./IP,
					./IP/mac/lib,
					/Users/anthony/Desktop/classes/image,
					"processing/Image-Processing-Projects/Anthony/CS470.skel/IP/mac/lib",
					/Users/anthony/Qt5.12.4/5.12.4/clang_64/lib,
					/System/Library/Frameworks/,
				);
				MACOSX_DEPLOYMENT_TARGET = 10.11;
				OTHER_CFLAGS = (
					"-pipe",
					"-O2",
					"-Wall",
					"-W",
					"-fPIC",
					"-DQT_NO_DEBUG",
					"-DQT_PRINTSUPPORT_LIB",
					"-DQT_OPENGL_LIB",
					"-DQT_WIDGETS_LIB",
					"-DQT_GUI_LIB",
					"-DQT_CORE_LIB",
				);
				OTHER_CPLUSPLUSFLAGS = (
					"-pipe",
					"-stdlib=libc++",
					"-O2",
					"-std=gnu++11",
					"-Wall",
					"-W",
					"-fPIC",
					"-DQT_NO_DEBUG",
					"-DQT_PRINTSUPPORT_LIB",
					"-DQT_OPENGL_LIB",
					"-DQT_WIDGETS_LIB",
					"-DQT_GUI_LIB",
					"-DQT_CORE_LIB",
				);
				OTHER_LDFLAGS = (
					"-stdlib=libc++",
					"-Wl,-rpath,@executable_path/../Frameworks",
					"-headerpad_max_install_names",
					"-Wl,-rpath,@executable_path/../Frameworks",
					"-Wl,-rpath,/Users/anthony/Qt5.12.4/5.12.4/clang_64/lib",
					"-L./IP",
					"-F/Users/anthony/Qt5.12.4/5.12.4/clang_64/lib",
					"-L./IP/mac/lib",
				);
				PRODUCT_BUNDLE_IDENTIFIER = "f.${PRODUCT_NAME:rfc1034identifier}";
				PRODUCT_NAME = CS470_HW;
				QMAKE_PKGINFO_TYPEINFO = "????";
				QT_LIBRARY_SUFFIX = "";
				SDKROOT = macosx;
				SYMROOT = "/Users/anthony/Desktop/classes/image processing/Image-Processing-Projects/Anthony/CS470.skel/.xcode";
			};
			name = Release;
		};
		3AA6C32AC930069E80220CF1 /* Debug */ = {
			isa = XCBuildConfiguration;
			buildSettings = {
				APPLICATION_EXTENSION_API_ONLY = NO;
				ARCHS = x86_64;
				"ARCHS[sdk=macosx*]" = x86_64;
				CC = /Applications/Xcode.app/Contents/Developer/Toolchains/XcodeDefault.xctoolchain/usr/bin/clang;
				CONFIGURATION_BUILD_DIR = "/Users/anthony/Desktop/classes/image processing/Image-Processing-Projects/Anthony/CS470.skel/$(CONFIGURATION)$(EFFECTIVE_PLATFORM_NAME)";
				COPY_PHASE_STRIP = NO;
				DYLIB_COMPATIBILITY_VERSION = 1.0;
				DYLIB_CURRENT_VERSION = 1.0.0;
				ENABLE_BITCODE = NO;
				FRAMEWORK_SEARCH_PATHS = (
					/Users/anthony/Qt5.12.4/5.12.4/clang_64/lib,
					/Users/anthony/Qt5.12.4/5.12.4/clang_64/lib,
				);
				GCC_OPTIMIZATION_LEVEL = 0;
				GCC_VERSION = com.apple.compilers.llvm.clang.1_0;
				HEADER_SEARCH_PATHS = (
					.,
					.,
					IP/header,
					gui_src,
					/Users/anthony/Qt5.12.4/5.12.4/clang_64/lib/QtPrintSupport.framework/Headers,
					/Users/anthony/Qt5.12.4/5.12.4/clang_64/lib/QtOpenGL.framework/Headers,
					/Users/anthony/Qt5.12.4/5.12.4/clang_64/lib/QtWidgets.framework/Headers,
					/Users/anthony/Qt5.12.4/5.12.4/clang_64/lib/QtGui.framework/Headers,
					/Users/anthony/Qt5.12.4/5.12.4/clang_64/lib/QtCore.framework/Headers,
					.,
					/Applications/Xcode.app/Contents/Developer/Platforms/MacOSX.platform/Developer/SDKs/MacOSX10.15.sdk/System/Library/Frameworks/OpenGL.framework/Headers,
					/Applications/Xcode.app/Contents/Developer/Platforms/MacOSX.platform/Developer/SDKs/MacOSX10.15.sdk/System/Library/Frameworks/AGL.framework/Headers,
					"/Users/anthony/Qt5.12.4/5.12.4/clang_64/mkspecs/macx-clang",
				);
				INFOPLIST_FILE = Info.plist;
				LDPLUSPLUS = "/Applications/Xcode.app/Contents/Developer/Toolchains/XcodeDefault.xctoolchain/usr/bin/clang++";
				LIBRARY_SEARCH_PATHS = (
					./IP,
					./IP/mac/lib,
					/Users/anthony/Desktop/classes/image,
					"processing/Image-Processing-Projects/Anthony/CS470.skel/IP/mac/lib",
					/Users/anthony/Qt5.12.4/5.12.4/clang_64/lib,
					/System/Library/Frameworks/,
				);
				MACOSX_DEPLOYMENT_TARGET = 10.11;
				ONLY_ACTIVE_ARCH = YES;
				OTHER_CFLAGS = (
					"-pipe",
					"-O2",
					"-Wall",
					"-W",
					"-fPIC",
					"-DQT_NO_DEBUG",
					"-DQT_PRINTSUPPORT_LIB",
					"-DQT_OPENGL_LIB",
					"-DQT_WIDGETS_LIB",
					"-DQT_GUI_LIB",
					"-DQT_CORE_LIB",
				);
				OTHER_CPLUSPLUSFLAGS = (
					"-pipe",
					"-stdlib=libc++",
					"-O2",
					"-std=gnu++11",
					"-Wall",
					"-W",
					"-fPIC",
					"-DQT_NO_DEBUG",
					"-DQT_PRINTSUPPORT_LIB",
					"-DQT_OPENGL_LIB",
					"-DQT_WIDGETS_LIB",
					"-DQT_GUI_LIB",
					"-DQT_CORE_LIB",
				);
				OTHER_LDFLAGS = (
					"-stdlib=libc++",
					"-Wl,-rpath,@executable_path/../Frameworks",
					"-headerpad_max_install_names",
					"-Wl,-rpath,@executable_path/../Frameworks",
					"-Wl,-rpath,/Users/anthony/Qt5.12.4/5.12.4/clang_64/lib",
					"-L./IP",
					"-F/Users/anthony/Qt5.12.4/5.12.4/clang_64/lib",
					"-L./IP/mac/lib",
				);
				PRODUCT_BUNDLE_IDENTIFIER = "f.${PRODUCT_NAME:rfc1034identifier}";
				PRODUCT_NAME = CS470_HW;
				QMAKE_PKGINFO_TYPEINFO = "????";
				QT_LIBRARY_SUFFIX = _debug;
				SDKROOT = macosx;
				SYMROOT = "/Users/anthony/Desktop/classes/image processing/Image-Processing-Projects/Anthony/CS470.skel/.xcode";
			};
			name = Debug;
		};
		6666AA5E688052234F6758D8 /* Release */ = {
			isa = XCBuildConfiguration;
			buildSettings = {
				APPLICATION_EXTENSION_API_ONLY = NO;
				"ARCHS[sdk=macosx*]" = x86_64;
				COPY_PHASE_STRIP = NO;
				ENABLE_BITCODE = NO;
				PRODUCT_BUNDLE_IDENTIFIER = "f.${PRODUCT_NAME:rfc1034identifier}";
				PRODUCT_NAME = CS470_HW;
				QMAKE_PKGINFO_TYPEINFO = "????";
				QT_LIBRARY_SUFFIX = "";
				SDKROOT = macosx;
			};
			name = Release;
		};
		77418F46922677BB04ED38DD /* Debug */ = {
			isa = XCBuildConfiguration;
			buildSettings = {
				APPLICATION_EXTENSION_API_ONLY = NO;
				"ARCHS[sdk=macosx*]" = x86_64;
				COPY_PHASE_STRIP = NO;
				ENABLE_BITCODE = NO;
				GCC_OPTIMIZATION_LEVEL = 0;
				ONLY_ACTIVE_ARCH = YES;
				PRODUCT_BUNDLE_IDENTIFIER = "f.${PRODUCT_NAME:rfc1034identifier}";
				PRODUCT_NAME = CS470_HW;
				QMAKE_PKGINFO_TYPEINFO = "????";
				QT_LIBRARY_SUFFIX = _debug;
				SDKROOT = macosx;
			};
			name = Debug;
		};
/* End XCBuildConfiguration section */

/* Begin XCConfigurationList section */
		6CC3B5D2136C7CD6A5CF5A59 /* Build configuration list for PBXNativeTarget "CS470_HW" */ = {
			isa = XCConfigurationList;
			buildConfigurations = (
				77418F46922677BB04ED38DD /* Debug */,
				6666AA5E688052234F6758D8 /* Release */,
			);
			defaultConfigurationIsVisible = 0;
			defaultConfigurationName = Release;
		};
		DAC4C1AA5EDEA1C85E9CA5E6 /* Build configuration list for PBXProject "CS470_HW" */ = {
			isa = XCConfigurationList;
			buildConfigurations = (
				3AA6C32AC930069E80220CF1 /* Debug */,
				339EE1B2CC4FC24589A0EA95 /* Release */,
			);
			defaultConfigurationIsVisible = 0;
			defaultConfigurationName = Release;
		};
/* End XCConfigurationList section */
	};
	rootObject = 6DB9C3763D02B1415CD9D565 /* Project object */;
}
